// !$*UTF8*$!
{
	archiveVersion = 1;
	classes = {
	};
	objectVersion = 55;
	objects = {

/* Begin PBXBuildFile section */
		CB07EDB6271EE5FF00406913 /* PlantDetailPage.storyboard in Resources */ = {isa = PBXBuildFile; fileRef = CB07EDB5271EE5FF00406913 /* PlantDetailPage.storyboard */; };
		CB07EDB8271EE74100406913 /* UILabel+Extension.swift in Sources */ = {isa = PBXBuildFile; fileRef = CB07EDB7271EE74100406913 /* UILabel+Extension.swift */; };
		CB07EDBA271EEBC100406913 /* PlantDetailViewController.swift in Sources */ = {isa = PBXBuildFile; fileRef = CB07EDB9271EEBC100406913 /* PlantDetailViewController.swift */; };
		CB07EDBD271FA67A00406913 /* PlantDetailTableViewCell.swift in Sources */ = {isa = PBXBuildFile; fileRef = CB07EDBB271FA67A00406913 /* PlantDetailTableViewCell.swift */; };
		CB07EDBE271FA67A00406913 /* PlantDetailTableViewCell.xib in Resources */ = {isa = PBXBuildFile; fileRef = CB07EDBC271FA67A00406913 /* PlantDetailTableViewCell.xib */; };
		CB07EDC0271FFDF100406913 /* UIImage+Extension.swift in Sources */ = {isa = PBXBuildFile; fileRef = CB07EDBF271FFDF100406913 /* UIImage+Extension.swift */; };
		CB2241D3272BA3A000BAEE90 /* ProfilePageViewController.swift in Sources */ = {isa = PBXBuildFile; fileRef = CB2241D2272BA3A000BAEE90 /* ProfilePageViewController.swift */; };
		CB2241D5272BA52500BAEE90 /* 78093-planting.json in Resources */ = {isa = PBXBuildFile; fileRef = CB2241D4272BA52500BAEE90 /* 78093-planting.json */; };
		CB2241DA272BC41F00BAEE90 /* LottieWrapper.swift in Sources */ = {isa = PBXBuildFile; fileRef = CB2241D9272BC41F00BAEE90 /* LottieWrapper.swift */; };
		CB2241DC272BEABF00BAEE90 /* ShowQRCodePageViewController.swift in Sources */ = {isa = PBXBuildFile; fileRef = CB2241DB272BEABF00BAEE90 /* ShowQRCodePageViewController.swift */; };
		CB2241E0272D353A00BAEE90 /* GardeningShopTableViewCell.swift in Sources */ = {isa = PBXBuildFile; fileRef = CB2241DE272D353A00BAEE90 /* GardeningShopTableViewCell.swift */; };
		CB2241E1272D353A00BAEE90 /* GardeningShopTableViewCell.xib in Resources */ = {isa = PBXBuildFile; fileRef = CB2241DF272D353A00BAEE90 /* GardeningShopTableViewCell.xib */; };
		CB2241E3272D369900BAEE90 /* GardeningShopPage.storyboard in Resources */ = {isa = PBXBuildFile; fileRef = CB2241E2272D369900BAEE90 /* GardeningShopPage.storyboard */; };
		CB2241E5272D379500BAEE90 /* GardeningShopViewController.swift in Sources */ = {isa = PBXBuildFile; fileRef = CB2241E4272D379500BAEE90 /* GardeningShopViewController.swift */; };
		CB2241E7272D89B900BAEE90 /* ShopDetailViewController.swift in Sources */ = {isa = PBXBuildFile; fileRef = CB2241E6272D89B900BAEE90 /* ShopDetailViewController.swift */; };
		CB2241E9272D8E9200BAEE90 /* GardeningShop.swift in Sources */ = {isa = PBXBuildFile; fileRef = CB2241E8272D8E9200BAEE90 /* GardeningShop.swift */; };
		CB2241EB272DA82700BAEE90 /* MapKit.framework in Frameworks */ = {isa = PBXBuildFile; fileRef = CB2241EA272DA82700BAEE90 /* MapKit.framework */; };
		CB2241EF272E735800BAEE90 /* NewShopViewController.swift in Sources */ = {isa = PBXBuildFile; fileRef = CB2241EE272E735800BAEE90 /* NewShopViewController.swift */; };
		CB2241F1272ECCD100BAEE90 /* Comment.swift in Sources */ = {isa = PBXBuildFile; fileRef = CB2241F0272ECCD000BAEE90 /* Comment.swift */; };
		CB2241F5272ECEAC00BAEE90 /* CommentTableViewCell.swift in Sources */ = {isa = PBXBuildFile; fileRef = CB2241F3272ECEAC00BAEE90 /* CommentTableViewCell.swift */; };
		CB2241F6272ECEAC00BAEE90 /* CommentTableViewCell.xib in Resources */ = {isa = PBXBuildFile; fileRef = CB2241F4272ECEAC00BAEE90 /* CommentTableViewCell.xib */; };
		CB2241F9272ED01800BAEE90 /* CommentTitleTableViewCell.swift in Sources */ = {isa = PBXBuildFile; fileRef = CB2241F7272ED01800BAEE90 /* CommentTitleTableViewCell.swift */; };
		CB2241FA272ED01800BAEE90 /* CommentTitleTableViewCell.xib in Resources */ = {isa = PBXBuildFile; fileRef = CB2241F8272ED01800BAEE90 /* CommentTitleTableViewCell.xib */; };
		CB2241FE272ED29900BAEE90 /* ImageCollectionVIewTableViewCell.swift in Sources */ = {isa = PBXBuildFile; fileRef = CB2241FC272ED29800BAEE90 /* ImageCollectionVIewTableViewCell.swift */; };
		CB2241FF272ED29900BAEE90 /* ImageCollectionVIewTableViewCell.xib in Resources */ = {isa = PBXBuildFile; fileRef = CB2241FD272ED29800BAEE90 /* ImageCollectionVIewTableViewCell.xib */; };
		CB224201272EE17400BAEE90 /* CommentManager.swift in Sources */ = {isa = PBXBuildFile; fileRef = CB224200272EE17400BAEE90 /* CommentManager.swift */; };
		CB224203272EEDA100BAEE90 /* UIViewController+Extension.swift in Sources */ = {isa = PBXBuildFile; fileRef = CB224202272EEDA100BAEE90 /* UIViewController+Extension.swift */; };
		CB224206272EF69C00BAEE90 /* ImageCollectionViewCell.swift in Sources */ = {isa = PBXBuildFile; fileRef = CB224204272EF69C00BAEE90 /* ImageCollectionViewCell.swift */; };
		CB224207272EF69C00BAEE90 /* ImageCollectionViewCell.xib in Resources */ = {isa = PBXBuildFile; fileRef = CB224205272EF69C00BAEE90 /* ImageCollectionViewCell.xib */; };
		CB8A11392730D76D00AAE6CA /* InputShopInfoTableViewCell.swift in Sources */ = {isa = PBXBuildFile; fileRef = CB8A11372730D76D00AAE6CA /* InputShopInfoTableViewCell.swift */; };
		CB8A113A2730D76D00AAE6CA /* InputShopInfoTableViewCell.xib in Resources */ = {isa = PBXBuildFile; fileRef = CB8A11382730D76D00AAE6CA /* InputShopInfoTableViewCell.xib */; };
		CB8A113D273230DC00AAE6CA /* LoginViewController.swift in Sources */ = {isa = PBXBuildFile; fileRef = CB8A113C273230DC00AAE6CA /* LoginViewController.swift */; };
		CB8A113F27328C1E00AAE6CA /* User.swift in Sources */ = {isa = PBXBuildFile; fileRef = CB8A113E27328C1E00AAE6CA /* User.swift */; };
		CB8A11412732931600AAE6CA /* UserManager.swift in Sources */ = {isa = PBXBuildFile; fileRef = CB8A11402732931600AAE6CA /* UserManager.swift */; };
		CB8A11452733B08800AAE6CA /* ProfileTableViewCell.swift in Sources */ = {isa = PBXBuildFile; fileRef = CB8A11432733B08800AAE6CA /* ProfileTableViewCell.swift */; };
		CB8A11462733B08800AAE6CA /* ProfileTableViewCell.xib in Resources */ = {isa = PBXBuildFile; fileRef = CB8A11442733B08800AAE6CA /* ProfileTableViewCell.xib */; };
		CB8A11492734DB7200AAE6CA /* HistoryTableViewCell.swift in Sources */ = {isa = PBXBuildFile; fileRef = CB8A11472734DB7200AAE6CA /* HistoryTableViewCell.swift */; };
		CB8A114A2734DB7200AAE6CA /* HistoryTableViewCell.xib in Resources */ = {isa = PBXBuildFile; fileRef = CB8A11482734DB7200AAE6CA /* HistoryTableViewCell.xib */; };
		CB8A114C2734E31200AAE6CA /* 72610-plantGrowing.json in Resources */ = {isa = PBXBuildFile; fileRef = CB8A114B2734E31200AAE6CA /* 72610-plantGrowing.json */; };
		CB8A114F27351F1000AAE6CA /* AccountSeetingPage.storyboard in Resources */ = {isa = PBXBuildFile; fileRef = CB8A114E27351F1000AAE6CA /* AccountSeetingPage.storyboard */; };
		CB8A1155273522DB00AAE6CA /* AccountSettingViewController.swift in Sources */ = {isa = PBXBuildFile; fileRef = CB8A1154273522DB00AAE6CA /* AccountSettingViewController.swift */; };
		CB8A11572736E48000AAE6CA /* SharePlantPage.storyboard in Resources */ = {isa = PBXBuildFile; fileRef = CB8A11562736E47F00AAE6CA /* SharePlantPage.storyboard */; };
		CB8A11592736EFBB00AAE6CA /* SharePlantViewController.swift in Sources */ = {isa = PBXBuildFile; fileRef = CB8A11582736EFBB00AAE6CA /* SharePlantViewController.swift */; };
		CB8F2ED32726B8FB005E1448 /* RemindPage.storyboard in Resources */ = {isa = PBXBuildFile; fileRef = CB8F2ED22726B8FB005E1448 /* RemindPage.storyboard */; };
		CB8F2ED527279E08005E1448 /* RemindViewController.swift in Sources */ = {isa = PBXBuildFile; fileRef = CB8F2ED427279E08005E1448 /* RemindViewController.swift */; };
		CB8F2EDA2727AB8F005E1448 /* ReminderTableViewCell.swift in Sources */ = {isa = PBXBuildFile; fileRef = CB8F2ED82727AB8F005E1448 /* ReminderTableViewCell.swift */; };
		CB8F2EDB2727AB8F005E1448 /* ReminderTableViewCell.xib in Resources */ = {isa = PBXBuildFile; fileRef = CB8F2ED92727AB8F005E1448 /* ReminderTableViewCell.xib */; };
		CB8F2EDD2727D5D5005E1448 /* UIView+Extension.swift in Sources */ = {isa = PBXBuildFile; fileRef = CB8F2EDC2727D5D5005E1448 /* UIView+Extension.swift */; };
		CB8F2EDF2727E4AA005E1448 /* RemindManager.swift in Sources */ = {isa = PBXBuildFile; fileRef = CB8F2EDE2727E4AA005E1448 /* RemindManager.swift */; };
		CB8F2EE227280AD2005E1448 /* Remind.swift in Sources */ = {isa = PBXBuildFile; fileRef = CB8F2EE127280AD2005E1448 /* Remind.swift */; };
		CB8F2EED2728F6EF005E1448 /* CalendarPageViewController.swift in Sources */ = {isa = PBXBuildFile; fileRef = CB8F2EEC2728F6EF005E1448 /* CalendarPageViewController.swift */; };
		CB8F2EF02728FC49005E1448 /* CalendarInfoTableViewCell.swift in Sources */ = {isa = PBXBuildFile; fileRef = CB8F2EEE2728FC49005E1448 /* CalendarInfoTableViewCell.swift */; };
		CB8F2EF12728FC49005E1448 /* CalendarInfoTableViewCell.xib in Resources */ = {isa = PBXBuildFile; fileRef = CB8F2EEF2728FC49005E1448 /* CalendarInfoTableViewCell.xib */; };
		CB8F2EF3272921A2005E1448 /* Date+Extension.swift in Sources */ = {isa = PBXBuildFile; fileRef = CB8F2EF2272921A2005E1448 /* Date+Extension.swift */; };
		CB8F2EF5272943D8005E1448 /* UIImageView+Extension.swift in Sources */ = {isa = PBXBuildFile; fileRef = CB8F2EF4272943D8005E1448 /* UIImageView+Extension.swift */; };
		CB8F2EF8272956CA005E1448 /* ScanQRCodePage.storyboard in Resources */ = {isa = PBXBuildFile; fileRef = CB8F2EF7272956CA005E1448 /* ScanQRCodePage.storyboard */; };
		CB8F2EFA272A74D9005E1448 /* ScanQRCodePageViewController.swift in Sources */ = {isa = PBXBuildFile; fileRef = CB8F2EF9272A74D9005E1448 /* ScanQRCodePageViewController.swift */; };
		CB8F2EFC272A9569005E1448 /* SharePlantDetailViewController.swift in Sources */ = {isa = PBXBuildFile; fileRef = CB8F2EFB272A9568005E1448 /* SharePlantDetailViewController.swift */; };
		CB8F2EFE272B9EF9005E1448 /* DiscoverViewController.swift in Sources */ = {isa = PBXBuildFile; fileRef = CB8F2EFD272B9EF9005E1448 /* DiscoverViewController.swift */; };
		CB8F2F01272BA0C0005E1448 /* 16957-comming-soon.json in Resources */ = {isa = PBXBuildFile; fileRef = CB8F2F00272BA0C0005E1448 /* 16957-comming-soon.json */; };
		CB9A4916272156FA0095E5EE /* ImageManager.swift in Sources */ = {isa = PBXBuildFile; fileRef = CB9A4915272156FA0095E5EE /* ImageManager.swift */; };
		CB9A49182722CBA60095E5EE /* WaterRecord.swift in Sources */ = {isa = PBXBuildFile; fileRef = CB9A49172722CBA50095E5EE /* WaterRecord.swift */; };
		CB9A491B2724630A0095E5EE /* DeathPlantViewController.swift in Sources */ = {isa = PBXBuildFile; fileRef = CB9A491A2724630A0095E5EE /* DeathPlantViewController.swift */; };
		CB9A491D2724632A0095E5EE /* DeathPlantPage.storyboard in Resources */ = {isa = PBXBuildFile; fileRef = CB9A491C2724632A0095E5EE /* DeathPlantPage.storyboard */; };
		CBF7AC03271C863E001E3C37 /* AppDelegate.swift in Sources */ = {isa = PBXBuildFile; fileRef = CBF7AC02271C863E001E3C37 /* AppDelegate.swift */; };
		CBF7AC05271C863E001E3C37 /* SceneDelegate.swift in Sources */ = {isa = PBXBuildFile; fileRef = CBF7AC04271C863E001E3C37 /* SceneDelegate.swift */; };
		CBF7AC07271C863E001E3C37 /* HomePageViewController.swift in Sources */ = {isa = PBXBuildFile; fileRef = CBF7AC06271C863E001E3C37 /* HomePageViewController.swift */; };
		CBF7AC0A271C863E001E3C37 /* Main.storyboard in Resources */ = {isa = PBXBuildFile; fileRef = CBF7AC08271C863E001E3C37 /* Main.storyboard */; };
		CBF7AC0C271C8641001E3C37 /* Assets.xcassets in Resources */ = {isa = PBXBuildFile; fileRef = CBF7AC0B271C8641001E3C37 /* Assets.xcassets */; };
		CBF7AC0F271C8641001E3C37 /* LaunchScreen.storyboard in Resources */ = {isa = PBXBuildFile; fileRef = CBF7AC0D271C8641001E3C37 /* LaunchScreen.storyboard */; };
		CBF7AC26271D5D46001E3C37 /* PlantCollectionViewCell.swift in Sources */ = {isa = PBXBuildFile; fileRef = CBF7AC24271D5D46001E3C37 /* PlantCollectionViewCell.swift */; };
		CBF7AC27271D5D46001E3C37 /* PlantCollectionViewCell.xib in Resources */ = {isa = PBXBuildFile; fileRef = CBF7AC25271D5D46001E3C37 /* PlantCollectionViewCell.xib */; };
		CBF7AC2A271D6280001E3C37 /* ButtonCollectionViewCell.swift in Sources */ = {isa = PBXBuildFile; fileRef = CBF7AC28271D6280001E3C37 /* ButtonCollectionViewCell.swift */; };
		CBF7AC2B271D6280001E3C37 /* ButtonCollectionViewCell.xib in Resources */ = {isa = PBXBuildFile; fileRef = CBF7AC29271D6280001E3C37 /* ButtonCollectionViewCell.xib */; };
		CBF7AC2D271D65C2001E3C37 /* GoogleService-Info.plist in Resources */ = {isa = PBXBuildFile; fileRef = CBF7AC2C271D65C2001E3C37 /* GoogleService-Info.plist */; };
		CBF7AC2F271D6A77001E3C37 /* UICollectionView+Extension.swift in Sources */ = {isa = PBXBuildFile; fileRef = CBF7AC2E271D6A77001E3C37 /* UICollectionView+Extension.swift */; };
		CBF7AC32271D77AD001E3C37 /* UIColor+Extension.swift in Sources */ = {isa = PBXBuildFile; fileRef = CBF7AC31271D77AD001E3C37 /* UIColor+Extension.swift */; };
		CBF7AC34271D980F001E3C37 /* Plant.swift in Sources */ = {isa = PBXBuildFile; fileRef = CBF7AC33271D980F001E3C37 /* Plant.swift */; };
		CBF7AC36271DC9D0001E3C37 /* FirebaseManager.swift in Sources */ = {isa = PBXBuildFile; fileRef = CBF7AC35271DC9D0001E3C37 /* FirebaseManager.swift */; };
		CBF7AC39271E7307001E3C37 /* NewPlantPage.storyboard in Resources */ = {isa = PBXBuildFile; fileRef = CBF7AC38271E7307001E3C37 /* NewPlantPage.storyboard */; };
		CBF7AC3B271E7629001E3C37 /* NewPlantPageViewController.swift in Sources */ = {isa = PBXBuildFile; fileRef = CBF7AC3A271E7629001E3C37 /* NewPlantPageViewController.swift */; };
		CBF7AC3F271E8CF0001E3C37 /* InputPlantTableViewCell.swift in Sources */ = {isa = PBXBuildFile; fileRef = CBF7AC3D271E8CF0001E3C37 /* InputPlantTableViewCell.swift */; };
		CBF7AC40271E8CF0001E3C37 /* InputPlantTableViewCell.xib in Resources */ = {isa = PBXBuildFile; fileRef = CBF7AC3E271E8CF0001E3C37 /* InputPlantTableViewCell.xib */; };
		CBF7AC42271E8D37001E3C37 /* PaddingLabel.swift in Sources */ = {isa = PBXBuildFile; fileRef = CBF7AC41271E8D37001E3C37 /* PaddingLabel.swift */; };
		CBF7AC46271E9559001E3C37 /* UITableView+Extension.swift in Sources */ = {isa = PBXBuildFile; fileRef = CBF7AC45271E9559001E3C37 /* UITableView+Extension.swift */; };
		E633471A87BF914363C32DA1 /* Pods_PocketPlant.framework in Frameworks */ = {isa = PBXBuildFile; fileRef = 01E6FD85E8541818C8673E67 /* Pods_PocketPlant.framework */; };
/* End PBXBuildFile section */

/* Begin PBXFileReference section */
		01E6FD85E8541818C8673E67 /* Pods_PocketPlant.framework */ = {isa = PBXFileReference; explicitFileType = wrapper.framework; includeInIndex = 0; path = Pods_PocketPlant.framework; sourceTree = BUILT_PRODUCTS_DIR; };
		5DE3D4B79374ED5EF6C29A96 /* Pods-PocketPlant.release.xcconfig */ = {isa = PBXFileReference; includeInIndex = 1; lastKnownFileType = text.xcconfig; name = "Pods-PocketPlant.release.xcconfig"; path = "Target Support Files/Pods-PocketPlant/Pods-PocketPlant.release.xcconfig"; sourceTree = "<group>"; };
		5FC710C89D7C558D5AEEEB6A /* Pods-PocketPlant.debug.xcconfig */ = {isa = PBXFileReference; includeInIndex = 1; lastKnownFileType = text.xcconfig; name = "Pods-PocketPlant.debug.xcconfig"; path = "Target Support Files/Pods-PocketPlant/Pods-PocketPlant.debug.xcconfig"; sourceTree = "<group>"; };
		CB07EDB5271EE5FF00406913 /* PlantDetailPage.storyboard */ = {isa = PBXFileReference; lastKnownFileType = file.storyboard; path = PlantDetailPage.storyboard; sourceTree = "<group>"; };
		CB07EDB7271EE74100406913 /* UILabel+Extension.swift */ = {isa = PBXFileReference; lastKnownFileType = sourcecode.swift; path = "UILabel+Extension.swift"; sourceTree = "<group>"; };
		CB07EDB9271EEBC100406913 /* PlantDetailViewController.swift */ = {isa = PBXFileReference; lastKnownFileType = sourcecode.swift; path = PlantDetailViewController.swift; sourceTree = "<group>"; };
		CB07EDBB271FA67A00406913 /* PlantDetailTableViewCell.swift */ = {isa = PBXFileReference; lastKnownFileType = sourcecode.swift; path = PlantDetailTableViewCell.swift; sourceTree = "<group>"; };
		CB07EDBC271FA67A00406913 /* PlantDetailTableViewCell.xib */ = {isa = PBXFileReference; lastKnownFileType = file.xib; path = PlantDetailTableViewCell.xib; sourceTree = "<group>"; };
		CB07EDBF271FFDF100406913 /* UIImage+Extension.swift */ = {isa = PBXFileReference; lastKnownFileType = sourcecode.swift; path = "UIImage+Extension.swift"; sourceTree = "<group>"; };
		CB2241D2272BA3A000BAEE90 /* ProfilePageViewController.swift */ = {isa = PBXFileReference; lastKnownFileType = sourcecode.swift; path = ProfilePageViewController.swift; sourceTree = "<group>"; };
		CB2241D4272BA52500BAEE90 /* 78093-planting.json */ = {isa = PBXFileReference; fileEncoding = 4; lastKnownFileType = text.json; path = "78093-planting.json"; sourceTree = "<group>"; };
		CB2241D9272BC41F00BAEE90 /* LottieWrapper.swift */ = {isa = PBXFileReference; lastKnownFileType = sourcecode.swift; path = LottieWrapper.swift; sourceTree = "<group>"; };
		CB2241DB272BEABF00BAEE90 /* ShowQRCodePageViewController.swift */ = {isa = PBXFileReference; lastKnownFileType = sourcecode.swift; path = ShowQRCodePageViewController.swift; sourceTree = "<group>"; };
		CB2241DE272D353A00BAEE90 /* GardeningShopTableViewCell.swift */ = {isa = PBXFileReference; lastKnownFileType = sourcecode.swift; path = GardeningShopTableViewCell.swift; sourceTree = "<group>"; };
		CB2241DF272D353A00BAEE90 /* GardeningShopTableViewCell.xib */ = {isa = PBXFileReference; lastKnownFileType = file.xib; path = GardeningShopTableViewCell.xib; sourceTree = "<group>"; };
		CB2241E2272D369900BAEE90 /* GardeningShopPage.storyboard */ = {isa = PBXFileReference; lastKnownFileType = file.storyboard; path = GardeningShopPage.storyboard; sourceTree = "<group>"; };
		CB2241E4272D379500BAEE90 /* GardeningShopViewController.swift */ = {isa = PBXFileReference; lastKnownFileType = sourcecode.swift; path = GardeningShopViewController.swift; sourceTree = "<group>"; };
		CB2241E6272D89B900BAEE90 /* ShopDetailViewController.swift */ = {isa = PBXFileReference; lastKnownFileType = sourcecode.swift; path = ShopDetailViewController.swift; sourceTree = "<group>"; };
		CB2241E8272D8E9200BAEE90 /* GardeningShop.swift */ = {isa = PBXFileReference; lastKnownFileType = sourcecode.swift; path = GardeningShop.swift; sourceTree = "<group>"; };
		CB2241EA272DA82700BAEE90 /* MapKit.framework */ = {isa = PBXFileReference; lastKnownFileType = wrapper.framework; name = MapKit.framework; path = System/Library/Frameworks/MapKit.framework; sourceTree = SDKROOT; };
		CB2241EE272E735800BAEE90 /* NewShopViewController.swift */ = {isa = PBXFileReference; lastKnownFileType = sourcecode.swift; path = NewShopViewController.swift; sourceTree = "<group>"; };
		CB2241F0272ECCD000BAEE90 /* Comment.swift */ = {isa = PBXFileReference; lastKnownFileType = sourcecode.swift; path = Comment.swift; sourceTree = "<group>"; };
		CB2241F3272ECEAC00BAEE90 /* CommentTableViewCell.swift */ = {isa = PBXFileReference; lastKnownFileType = sourcecode.swift; path = CommentTableViewCell.swift; sourceTree = "<group>"; };
		CB2241F4272ECEAC00BAEE90 /* CommentTableViewCell.xib */ = {isa = PBXFileReference; lastKnownFileType = file.xib; path = CommentTableViewCell.xib; sourceTree = "<group>"; };
		CB2241F7272ED01800BAEE90 /* CommentTitleTableViewCell.swift */ = {isa = PBXFileReference; lastKnownFileType = sourcecode.swift; path = CommentTitleTableViewCell.swift; sourceTree = "<group>"; };
		CB2241F8272ED01800BAEE90 /* CommentTitleTableViewCell.xib */ = {isa = PBXFileReference; lastKnownFileType = file.xib; path = CommentTitleTableViewCell.xib; sourceTree = "<group>"; };
		CB2241FC272ED29800BAEE90 /* ImageCollectionVIewTableViewCell.swift */ = {isa = PBXFileReference; lastKnownFileType = sourcecode.swift; path = ImageCollectionVIewTableViewCell.swift; sourceTree = "<group>"; };
		CB2241FD272ED29800BAEE90 /* ImageCollectionVIewTableViewCell.xib */ = {isa = PBXFileReference; lastKnownFileType = file.xib; path = ImageCollectionVIewTableViewCell.xib; sourceTree = "<group>"; };
		CB224200272EE17400BAEE90 /* CommentManager.swift */ = {isa = PBXFileReference; lastKnownFileType = sourcecode.swift; path = CommentManager.swift; sourceTree = "<group>"; };
		CB224202272EEDA100BAEE90 /* UIViewController+Extension.swift */ = {isa = PBXFileReference; lastKnownFileType = sourcecode.swift; path = "UIViewController+Extension.swift"; sourceTree = "<group>"; };
		CB224204272EF69C00BAEE90 /* ImageCollectionViewCell.swift */ = {isa = PBXFileReference; lastKnownFileType = sourcecode.swift; path = ImageCollectionViewCell.swift; sourceTree = "<group>"; };
		CB224205272EF69C00BAEE90 /* ImageCollectionViewCell.xib */ = {isa = PBXFileReference; lastKnownFileType = file.xib; path = ImageCollectionViewCell.xib; sourceTree = "<group>"; };
		CB8A11372730D76D00AAE6CA /* InputShopInfoTableViewCell.swift */ = {isa = PBXFileReference; lastKnownFileType = sourcecode.swift; path = InputShopInfoTableViewCell.swift; sourceTree = "<group>"; };
		CB8A11382730D76D00AAE6CA /* InputShopInfoTableViewCell.xib */ = {isa = PBXFileReference; lastKnownFileType = file.xib; path = InputShopInfoTableViewCell.xib; sourceTree = "<group>"; };
		CB8A113B2732306100AAE6CA /* PocketPlant.entitlements */ = {isa = PBXFileReference; lastKnownFileType = text.plist.entitlements; path = PocketPlant.entitlements; sourceTree = "<group>"; };
		CB8A113C273230DC00AAE6CA /* LoginViewController.swift */ = {isa = PBXFileReference; lastKnownFileType = sourcecode.swift; path = LoginViewController.swift; sourceTree = "<group>"; };
		CB8A113E27328C1E00AAE6CA /* User.swift */ = {isa = PBXFileReference; lastKnownFileType = sourcecode.swift; path = User.swift; sourceTree = "<group>"; };
		CB8A11402732931600AAE6CA /* UserManager.swift */ = {isa = PBXFileReference; lastKnownFileType = sourcecode.swift; path = UserManager.swift; sourceTree = "<group>"; };
		CB8A11432733B08800AAE6CA /* ProfileTableViewCell.swift */ = {isa = PBXFileReference; lastKnownFileType = sourcecode.swift; path = ProfileTableViewCell.swift; sourceTree = "<group>"; };
		CB8A11442733B08800AAE6CA /* ProfileTableViewCell.xib */ = {isa = PBXFileReference; lastKnownFileType = file.xib; path = ProfileTableViewCell.xib; sourceTree = "<group>"; };
		CB8A11472734DB7200AAE6CA /* HistoryTableViewCell.swift */ = {isa = PBXFileReference; lastKnownFileType = sourcecode.swift; path = HistoryTableViewCell.swift; sourceTree = "<group>"; };
		CB8A11482734DB7200AAE6CA /* HistoryTableViewCell.xib */ = {isa = PBXFileReference; lastKnownFileType = file.xib; path = HistoryTableViewCell.xib; sourceTree = "<group>"; };
		CB8A114B2734E31200AAE6CA /* 72610-plantGrowing.json */ = {isa = PBXFileReference; fileEncoding = 4; lastKnownFileType = text.json; path = "72610-plantGrowing.json"; sourceTree = "<group>"; };
		CB8A114E27351F1000AAE6CA /* AccountSeetingPage.storyboard */ = {isa = PBXFileReference; lastKnownFileType = file.storyboard; path = AccountSeetingPage.storyboard; sourceTree = "<group>"; };
		CB8A1154273522DB00AAE6CA /* AccountSettingViewController.swift */ = {isa = PBXFileReference; lastKnownFileType = sourcecode.swift; path = AccountSettingViewController.swift; sourceTree = "<group>"; };
		CB8A11562736E47F00AAE6CA /* SharePlantPage.storyboard */ = {isa = PBXFileReference; lastKnownFileType = file.storyboard; path = SharePlantPage.storyboard; sourceTree = "<group>"; };
		CB8A11582736EFBB00AAE6CA /* SharePlantViewController.swift */ = {isa = PBXFileReference; lastKnownFileType = sourcecode.swift; path = SharePlantViewController.swift; sourceTree = "<group>"; };
		CB8F2ED22726B8FB005E1448 /* RemindPage.storyboard */ = {isa = PBXFileReference; lastKnownFileType = file.storyboard; path = RemindPage.storyboard; sourceTree = "<group>"; };
		CB8F2ED427279E08005E1448 /* RemindViewController.swift */ = {isa = PBXFileReference; lastKnownFileType = sourcecode.swift; path = RemindViewController.swift; sourceTree = "<group>"; };
		CB8F2ED82727AB8F005E1448 /* ReminderTableViewCell.swift */ = {isa = PBXFileReference; lastKnownFileType = sourcecode.swift; path = ReminderTableViewCell.swift; sourceTree = "<group>"; };
		CB8F2ED92727AB8F005E1448 /* ReminderTableViewCell.xib */ = {isa = PBXFileReference; lastKnownFileType = file.xib; path = ReminderTableViewCell.xib; sourceTree = "<group>"; };
		CB8F2EDC2727D5D5005E1448 /* UIView+Extension.swift */ = {isa = PBXFileReference; lastKnownFileType = sourcecode.swift; path = "UIView+Extension.swift"; sourceTree = "<group>"; };
		CB8F2EDE2727E4AA005E1448 /* RemindManager.swift */ = {isa = PBXFileReference; lastKnownFileType = sourcecode.swift; path = RemindManager.swift; sourceTree = "<group>"; };
		CB8F2EE127280AD2005E1448 /* Remind.swift */ = {isa = PBXFileReference; lastKnownFileType = sourcecode.swift; path = Remind.swift; sourceTree = "<group>"; };
		CB8F2EEC2728F6EF005E1448 /* CalendarPageViewController.swift */ = {isa = PBXFileReference; lastKnownFileType = sourcecode.swift; path = CalendarPageViewController.swift; sourceTree = "<group>"; };
		CB8F2EEE2728FC49005E1448 /* CalendarInfoTableViewCell.swift */ = {isa = PBXFileReference; lastKnownFileType = sourcecode.swift; path = CalendarInfoTableViewCell.swift; sourceTree = "<group>"; };
		CB8F2EEF2728FC49005E1448 /* CalendarInfoTableViewCell.xib */ = {isa = PBXFileReference; lastKnownFileType = file.xib; path = CalendarInfoTableViewCell.xib; sourceTree = "<group>"; };
		CB8F2EF2272921A2005E1448 /* Date+Extension.swift */ = {isa = PBXFileReference; lastKnownFileType = sourcecode.swift; path = "Date+Extension.swift"; sourceTree = "<group>"; };
		CB8F2EF4272943D8005E1448 /* UIImageView+Extension.swift */ = {isa = PBXFileReference; lastKnownFileType = sourcecode.swift; path = "UIImageView+Extension.swift"; sourceTree = "<group>"; };
		CB8F2EF7272956CA005E1448 /* ScanQRCodePage.storyboard */ = {isa = PBXFileReference; lastKnownFileType = file.storyboard; path = ScanQRCodePage.storyboard; sourceTree = "<group>"; };
		CB8F2EF9272A74D9005E1448 /* ScanQRCodePageViewController.swift */ = {isa = PBXFileReference; lastKnownFileType = sourcecode.swift; path = ScanQRCodePageViewController.swift; sourceTree = "<group>"; };
		CB8F2EFB272A9568005E1448 /* SharePlantDetailViewController.swift */ = {isa = PBXFileReference; lastKnownFileType = sourcecode.swift; path = SharePlantDetailViewController.swift; sourceTree = "<group>"; };
		CB8F2EFD272B9EF9005E1448 /* DiscoverViewController.swift */ = {isa = PBXFileReference; lastKnownFileType = sourcecode.swift; path = DiscoverViewController.swift; sourceTree = "<group>"; };
		CB8F2F00272BA0C0005E1448 /* 16957-comming-soon.json */ = {isa = PBXFileReference; fileEncoding = 4; lastKnownFileType = text.json; path = "16957-comming-soon.json"; sourceTree = "<group>"; };
		CB9A4915272156FA0095E5EE /* ImageManager.swift */ = {isa = PBXFileReference; lastKnownFileType = sourcecode.swift; path = ImageManager.swift; sourceTree = "<group>"; };
		CB9A49172722CBA50095E5EE /* WaterRecord.swift */ = {isa = PBXFileReference; lastKnownFileType = sourcecode.swift; path = WaterRecord.swift; sourceTree = "<group>"; };
		CB9A491A2724630A0095E5EE /* DeathPlantViewController.swift */ = {isa = PBXFileReference; lastKnownFileType = sourcecode.swift; path = DeathPlantViewController.swift; sourceTree = "<group>"; };
		CB9A491C2724632A0095E5EE /* DeathPlantPage.storyboard */ = {isa = PBXFileReference; lastKnownFileType = file.storyboard; path = DeathPlantPage.storyboard; sourceTree = "<group>"; };
		CBF7ABFF271C863E001E3C37 /* PocketPlant.app */ = {isa = PBXFileReference; explicitFileType = wrapper.application; includeInIndex = 0; path = PocketPlant.app; sourceTree = BUILT_PRODUCTS_DIR; };
		CBF7AC02271C863E001E3C37 /* AppDelegate.swift */ = {isa = PBXFileReference; lastKnownFileType = sourcecode.swift; path = AppDelegate.swift; sourceTree = "<group>"; };
		CBF7AC04271C863E001E3C37 /* SceneDelegate.swift */ = {isa = PBXFileReference; lastKnownFileType = sourcecode.swift; path = SceneDelegate.swift; sourceTree = "<group>"; };
		CBF7AC06271C863E001E3C37 /* HomePageViewController.swift */ = {isa = PBXFileReference; lastKnownFileType = sourcecode.swift; path = HomePageViewController.swift; sourceTree = "<group>"; };
		CBF7AC09271C863E001E3C37 /* Base */ = {isa = PBXFileReference; lastKnownFileType = file.storyboard; name = Base; path = Base.lproj/Main.storyboard; sourceTree = "<group>"; };
		CBF7AC0B271C8641001E3C37 /* Assets.xcassets */ = {isa = PBXFileReference; lastKnownFileType = folder.assetcatalog; path = Assets.xcassets; sourceTree = "<group>"; };
		CBF7AC0E271C8641001E3C37 /* Base */ = {isa = PBXFileReference; lastKnownFileType = file.storyboard; name = Base; path = Base.lproj/LaunchScreen.storyboard; sourceTree = "<group>"; };
		CBF7AC10271C8641001E3C37 /* Info.plist */ = {isa = PBXFileReference; lastKnownFileType = text.plist.xml; path = Info.plist; sourceTree = "<group>"; };
		CBF7AC24271D5D46001E3C37 /* PlantCollectionViewCell.swift */ = {isa = PBXFileReference; lastKnownFileType = sourcecode.swift; path = PlantCollectionViewCell.swift; sourceTree = "<group>"; };
		CBF7AC25271D5D46001E3C37 /* PlantCollectionViewCell.xib */ = {isa = PBXFileReference; lastKnownFileType = file.xib; path = PlantCollectionViewCell.xib; sourceTree = "<group>"; };
		CBF7AC28271D6280001E3C37 /* ButtonCollectionViewCell.swift */ = {isa = PBXFileReference; lastKnownFileType = sourcecode.swift; path = ButtonCollectionViewCell.swift; sourceTree = "<group>"; };
		CBF7AC29271D6280001E3C37 /* ButtonCollectionViewCell.xib */ = {isa = PBXFileReference; lastKnownFileType = file.xib; path = ButtonCollectionViewCell.xib; sourceTree = "<group>"; };
		CBF7AC2C271D65C2001E3C37 /* GoogleService-Info.plist */ = {isa = PBXFileReference; fileEncoding = 4; lastKnownFileType = text.plist.xml; name = "GoogleService-Info.plist"; path = "../../../../Downloads/GoogleService-Info.plist"; sourceTree = "<group>"; };
		CBF7AC2E271D6A77001E3C37 /* UICollectionView+Extension.swift */ = {isa = PBXFileReference; lastKnownFileType = sourcecode.swift; path = "UICollectionView+Extension.swift"; sourceTree = "<group>"; };
		CBF7AC31271D77AD001E3C37 /* UIColor+Extension.swift */ = {isa = PBXFileReference; lastKnownFileType = sourcecode.swift; path = "UIColor+Extension.swift"; sourceTree = "<group>"; };
		CBF7AC33271D980F001E3C37 /* Plant.swift */ = {isa = PBXFileReference; lastKnownFileType = sourcecode.swift; path = Plant.swift; sourceTree = "<group>"; };
		CBF7AC35271DC9D0001E3C37 /* FirebaseManager.swift */ = {isa = PBXFileReference; lastKnownFileType = sourcecode.swift; path = FirebaseManager.swift; sourceTree = "<group>"; };
		CBF7AC38271E7307001E3C37 /* NewPlantPage.storyboard */ = {isa = PBXFileReference; lastKnownFileType = file.storyboard; path = NewPlantPage.storyboard; sourceTree = "<group>"; };
		CBF7AC3A271E7629001E3C37 /* NewPlantPageViewController.swift */ = {isa = PBXFileReference; lastKnownFileType = sourcecode.swift; path = NewPlantPageViewController.swift; sourceTree = "<group>"; };
		CBF7AC3D271E8CF0001E3C37 /* InputPlantTableViewCell.swift */ = {isa = PBXFileReference; lastKnownFileType = sourcecode.swift; path = InputPlantTableViewCell.swift; sourceTree = "<group>"; };
		CBF7AC3E271E8CF0001E3C37 /* InputPlantTableViewCell.xib */ = {isa = PBXFileReference; lastKnownFileType = file.xib; path = InputPlantTableViewCell.xib; sourceTree = "<group>"; };
		CBF7AC41271E8D37001E3C37 /* PaddingLabel.swift */ = {isa = PBXFileReference; lastKnownFileType = sourcecode.swift; path = PaddingLabel.swift; sourceTree = "<group>"; };
		CBF7AC45271E9559001E3C37 /* UITableView+Extension.swift */ = {isa = PBXFileReference; lastKnownFileType = sourcecode.swift; path = "UITableView+Extension.swift"; sourceTree = "<group>"; };
/* End PBXFileReference section */

/* Begin PBXFrameworksBuildPhase section */
		CBF7ABFC271C863E001E3C37 /* Frameworks */ = {
			isa = PBXFrameworksBuildPhase;
			buildActionMask = 2147483647;
			files = (
				CB2241EB272DA82700BAEE90 /* MapKit.framework in Frameworks */,
				E633471A87BF914363C32DA1 /* Pods_PocketPlant.framework in Frameworks */,
			);
			runOnlyForDeploymentPostprocessing = 0;
		};
/* End PBXFrameworksBuildPhase section */

/* Begin PBXGroup section */
		24D57E989B1EB73698FAB3C8 /* Pods */ = {
			isa = PBXGroup;
			children = (
				5FC710C89D7C558D5AEEEB6A /* Pods-PocketPlant.debug.xcconfig */,
				5DE3D4B79374ED5EF6C29A96 /* Pods-PocketPlant.release.xcconfig */,
			);
			path = Pods;
			sourceTree = "<group>";
		};
		7C8AAA9A113F19F11F987B5A /* Frameworks */ = {
			isa = PBXGroup;
			children = (
				CB2241EA272DA82700BAEE90 /* MapKit.framework */,
				01E6FD85E8541818C8673E67 /* Pods_PocketPlant.framework */,
			);
			name = Frameworks;
			sourceTree = "<group>";
		};
		CB07EDB4271EE5DB00406913 /* PlantDetailPage */ = {
			isa = PBXGroup;
			children = (
				CB07EDBB271FA67A00406913 /* PlantDetailTableViewCell.swift */,
				CB07EDBC271FA67A00406913 /* PlantDetailTableViewCell.xib */,
				CB07EDB5271EE5FF00406913 /* PlantDetailPage.storyboard */,
			);
			path = PlantDetailPage;
			sourceTree = "<group>";
		};
		CB2241D8272BC3F500BAEE90 /* Third Party Wrapper */ = {
			isa = PBXGroup;
			children = (
				CB2241D9272BC41F00BAEE90 /* LottieWrapper.swift */,
			);
			path = "Third Party Wrapper";
			sourceTree = "<group>";
		};
		CB2241DD272D2C7A00BAEE90 /* GardeningShop */ = {
			isa = PBXGroup;
			children = (
				CB8A11362730D66A00AAE6CA /* AddNewShopTableViewCell */,
				CB2241DE272D353A00BAEE90 /* GardeningShopTableViewCell.swift */,
				CB2241DF272D353A00BAEE90 /* GardeningShopTableViewCell.xib */,
			);
			path = GardeningShop;
			sourceTree = "<group>";
		};
		CB2241F2272ECE9100BAEE90 /* CommentCell */ = {
			isa = PBXGroup;
			children = (
				CB2241F3272ECEAC00BAEE90 /* CommentTableViewCell.swift */,
				CB2241F4272ECEAC00BAEE90 /* CommentTableViewCell.xib */,
				CB2241F7272ED01800BAEE90 /* CommentTitleTableViewCell.swift */,
				CB2241F8272ED01800BAEE90 /* CommentTitleTableViewCell.xib */,
			);
			path = CommentCell;
			sourceTree = "<group>";
		};
		CB2241FB272ED27500BAEE90 /* ImageCell */ = {
			isa = PBXGroup;
			children = (
				CB2241FC272ED29800BAEE90 /* ImageCollectionVIewTableViewCell.swift */,
				CB2241FD272ED29800BAEE90 /* ImageCollectionVIewTableViewCell.xib */,
				CB224204272EF69C00BAEE90 /* ImageCollectionViewCell.swift */,
				CB224205272EF69C00BAEE90 /* ImageCollectionViewCell.xib */,
			);
			path = ImageCell;
			sourceTree = "<group>";
		};
		CB8A11362730D66A00AAE6CA /* AddNewShopTableViewCell */ = {
			isa = PBXGroup;
			children = (
				CB8A11372730D76D00AAE6CA /* InputShopInfoTableViewCell.swift */,
				CB8A11382730D76D00AAE6CA /* InputShopInfoTableViewCell.xib */,
			);
			path = AddNewShopTableViewCell;
			sourceTree = "<group>";
		};
		CB8A11422733A84000AAE6CA /* ProfileCell */ = {
			isa = PBXGroup;
			children = (
				CB8A11432733B08800AAE6CA /* ProfileTableViewCell.swift */,
				CB8A11442733B08800AAE6CA /* ProfileTableViewCell.xib */,
				CB8A11472734DB7200AAE6CA /* HistoryTableViewCell.swift */,
				CB8A11482734DB7200AAE6CA /* HistoryTableViewCell.xib */,
				CB8A114E27351F1000AAE6CA /* AccountSeetingPage.storyboard */,
			);
			path = ProfileCell;
			sourceTree = "<group>";
		};
		CB8F2ED12726B8DB005E1448 /* RemindPage */ = {
			isa = PBXGroup;
			children = (
				CB8F2ED72727AB6F005E1448 /* ReminderCell */,
				CB8F2ED22726B8FB005E1448 /* RemindPage.storyboard */,
			);
			path = RemindPage;
			sourceTree = "<group>";
		};
		CB8F2ED72727AB6F005E1448 /* ReminderCell */ = {
			isa = PBXGroup;
			children = (
				CB8F2ED82727AB8F005E1448 /* ReminderTableViewCell.swift */,
				CB8F2ED92727AB8F005E1448 /* ReminderTableViewCell.xib */,
			);
			path = ReminderCell;
			sourceTree = "<group>";
		};
		CB8F2EE027280AAC005E1448 /* Manager */ = {
			isa = PBXGroup;
			children = (
				CBF7AC35271DC9D0001E3C37 /* FirebaseManager.swift */,
				CB9A4915272156FA0095E5EE /* ImageManager.swift */,
				CB8F2EDE2727E4AA005E1448 /* RemindManager.swift */,
				CB224200272EE17400BAEE90 /* CommentManager.swift */,
				CB8A11402732931600AAE6CA /* UserManager.swift */,
			);
			path = Manager;
			sourceTree = "<group>";
		};
		CB8F2EE32728EE39005E1448 /* CalendarPage */ = {
			isa = PBXGroup;
			children = (
				CB8F2EEE2728FC49005E1448 /* CalendarInfoTableViewCell.swift */,
				CB8F2EEF2728FC49005E1448 /* CalendarInfoTableViewCell.xib */,
			);
			path = CalendarPage;
			sourceTree = "<group>";
		};
		CB8F2EE62728EFB3005E1448 /* DiscoverPage */ = {
			isa = PBXGroup;
			children = (
			);
			path = DiscoverPage;
			sourceTree = "<group>";
		};
		CB8F2EE72728EFBF005E1448 /* ProfilePage */ = {
			isa = PBXGroup;
			children = (
			);
			path = ProfilePage;
			sourceTree = "<group>";
		};
		CB8F2EF62729569A005E1448 /* ScanQRCodePage */ = {
			isa = PBXGroup;
			children = (
				CB8F2EF7272956CA005E1448 /* ScanQRCodePage.storyboard */,
			);
			path = ScanQRCodePage;
			sourceTree = "<group>";
		};
		CB8F2EFF272BA0A5005E1448 /* LottieAnimation */ = {
			isa = PBXGroup;
			children = (
				CB8F2F00272BA0C0005E1448 /* 16957-comming-soon.json */,
				CB2241D4272BA52500BAEE90 /* 78093-planting.json */,
				CB8A114B2734E31200AAE6CA /* 72610-plantGrowing.json */,
			);
			path = LottieAnimation;
			sourceTree = "<group>";
		};
		CB9A49192724628D0095E5EE /* DeathPlantPage */ = {
			isa = PBXGroup;
			children = (
				CB9A491C2724632A0095E5EE /* DeathPlantPage.storyboard */,
			);
			path = DeathPlantPage;
			sourceTree = "<group>";
		};
		CBF7ABF6271C863E001E3C37 = {
			isa = PBXGroup;
			children = (
				CBF7AC01271C863E001E3C37 /* PocketPlant */,
				CBF7AC00271C863E001E3C37 /* Products */,
				24D57E989B1EB73698FAB3C8 /* Pods */,
				7C8AAA9A113F19F11F987B5A /* Frameworks */,
			);
			sourceTree = "<group>";
		};
		CBF7AC00271C863E001E3C37 /* Products */ = {
			isa = PBXGroup;
			children = (
				CBF7ABFF271C863E001E3C37 /* PocketPlant.app */,
			);
			name = Products;
			sourceTree = "<group>";
		};
		CBF7AC01271C863E001E3C37 /* PocketPlant */ = {
			isa = PBXGroup;
			children = (
				CB8A113B2732306100AAE6CA /* PocketPlant.entitlements */,
				CB2241D8272BC3F500BAEE90 /* Third Party Wrapper */,
				CB8F2EFF272BA0A5005E1448 /* LottieAnimation */,
				CBF7AC30271D773B001E3C37 /* Extension */,
				CBF7AC1C271D5BA7001E3C37 /* Controller */,
				CBF7AC1B271D5BA1001E3C37 /* View */,
				CBF7AC1A271D5B99001E3C37 /* Model */,
				CBF7AC02271C863E001E3C37 /* AppDelegate.swift */,
				CBF7AC04271C863E001E3C37 /* SceneDelegate.swift */,
				CBF7AC0B271C8641001E3C37 /* Assets.xcassets */,
				CBF7AC0D271C8641001E3C37 /* LaunchScreen.storyboard */,
				CBF7AC10271C8641001E3C37 /* Info.plist */,
				CBF7AC2C271D65C2001E3C37 /* GoogleService-Info.plist */,
			);
			path = PocketPlant;
			sourceTree = "<group>";
		};
		CBF7AC1A271D5B99001E3C37 /* Model */ = {
			isa = PBXGroup;
			children = (
				CB8F2EE027280AAC005E1448 /* Manager */,
				CBF7AC33271D980F001E3C37 /* Plant.swift */,
				CB9A49172722CBA50095E5EE /* WaterRecord.swift */,
				CB8F2EE127280AD2005E1448 /* Remind.swift */,
				CB2241E8272D8E9200BAEE90 /* GardeningShop.swift */,
				CB2241F0272ECCD000BAEE90 /* Comment.swift */,
				CB8A113E27328C1E00AAE6CA /* User.swift */,
			);
			path = Model;
			sourceTree = "<group>";
		};
		CBF7AC1B271D5BA1001E3C37 /* View */ = {
			isa = PBXGroup;
			children = (
				CB8A11422733A84000AAE6CA /* ProfileCell */,
				CB2241FB272ED27500BAEE90 /* ImageCell */,
				CB2241F2272ECE9100BAEE90 /* CommentCell */,
				CB2241DD272D2C7A00BAEE90 /* GardeningShop */,
				CBF7AC08271C863E001E3C37 /* Main.storyboard */,
				CB8F2EF62729569A005E1448 /* ScanQRCodePage */,
				CB8F2EE72728EFBF005E1448 /* ProfilePage */,
				CB8F2EE62728EFB3005E1448 /* DiscoverPage */,
				CB8F2EE32728EE39005E1448 /* CalendarPage */,
				CB8F2ED12726B8DB005E1448 /* RemindPage */,
				CB9A49192724628D0095E5EE /* DeathPlantPage */,
				CB07EDB4271EE5DB00406913 /* PlantDetailPage */,
				CBF7AC37271E71A4001E3C37 /* NewPlantPage */,
				CBF7AC23271D5D26001E3C37 /* PlantCollectionViewCell */,
				CBF7AC22271D5D11001E3C37 /* HomePage */,
				CB2241E2272D369900BAEE90 /* GardeningShopPage.storyboard */,
				CB8A11562736E47F00AAE6CA /* SharePlantPage.storyboard */,
			);
			path = View;
			sourceTree = "<group>";
		};
		CBF7AC1C271D5BA7001E3C37 /* Controller */ = {
			isa = PBXGroup;
			children = (
				CBF7AC06271C863E001E3C37 /* HomePageViewController.swift */,
				CBF7AC3A271E7629001E3C37 /* NewPlantPageViewController.swift */,
				CB07EDB9271EEBC100406913 /* PlantDetailViewController.swift */,
				CB9A491A2724630A0095E5EE /* DeathPlantViewController.swift */,
				CB8F2ED427279E08005E1448 /* RemindViewController.swift */,
				CB8F2EEC2728F6EF005E1448 /* CalendarPageViewController.swift */,
				CB8F2EF9272A74D9005E1448 /* ScanQRCodePageViewController.swift */,
				CB8F2EFB272A9568005E1448 /* SharePlantDetailViewController.swift */,
				CB8F2EFD272B9EF9005E1448 /* DiscoverViewController.swift */,
				CB2241DB272BEABF00BAEE90 /* ShowQRCodePageViewController.swift */,
				CB2241E4272D379500BAEE90 /* GardeningShopViewController.swift */,
				CB2241E6272D89B900BAEE90 /* ShopDetailViewController.swift */,
				CB2241EE272E735800BAEE90 /* NewShopViewController.swift */,
				CB8A113C273230DC00AAE6CA /* LoginViewController.swift */,
				CB2241D2272BA3A000BAEE90 /* ProfilePageViewController.swift */,
				CB8A1154273522DB00AAE6CA /* AccountSettingViewController.swift */,
				CB8A11582736EFBB00AAE6CA /* SharePlantViewController.swift */,
			);
			path = Controller;
			sourceTree = "<group>";
		};
		CBF7AC22271D5D11001E3C37 /* HomePage */ = {
			isa = PBXGroup;
			children = (
				CBF7AC28271D6280001E3C37 /* ButtonCollectionViewCell.swift */,
				CBF7AC29271D6280001E3C37 /* ButtonCollectionViewCell.xib */,
			);
			path = HomePage;
			sourceTree = "<group>";
		};
		CBF7AC23271D5D26001E3C37 /* PlantCollectionViewCell */ = {
			isa = PBXGroup;
			children = (
				CBF7AC24271D5D46001E3C37 /* PlantCollectionViewCell.swift */,
				CBF7AC25271D5D46001E3C37 /* PlantCollectionViewCell.xib */,
			);
			path = PlantCollectionViewCell;
			sourceTree = "<group>";
		};
		CBF7AC30271D773B001E3C37 /* Extension */ = {
			isa = PBXGroup;
			children = (
				CBF7AC2E271D6A77001E3C37 /* UICollectionView+Extension.swift */,
				CBF7AC45271E9559001E3C37 /* UITableView+Extension.swift */,
				CBF7AC31271D77AD001E3C37 /* UIColor+Extension.swift */,
				CBF7AC41271E8D37001E3C37 /* PaddingLabel.swift */,
				CB07EDB7271EE74100406913 /* UILabel+Extension.swift */,
				CB07EDBF271FFDF100406913 /* UIImage+Extension.swift */,
				CB8F2EDC2727D5D5005E1448 /* UIView+Extension.swift */,
				CB8F2EF2272921A2005E1448 /* Date+Extension.swift */,
				CB8F2EF4272943D8005E1448 /* UIImageView+Extension.swift */,
				CB224202272EEDA100BAEE90 /* UIViewController+Extension.swift */,
			);
			path = Extension;
			sourceTree = "<group>";
		};
		CBF7AC37271E71A4001E3C37 /* NewPlantPage */ = {
			isa = PBXGroup;
			children = (
				CBF7AC3C271E77AD001E3C37 /* inputPlantViewCell */,
				CBF7AC38271E7307001E3C37 /* NewPlantPage.storyboard */,
			);
			path = NewPlantPage;
			sourceTree = "<group>";
		};
		CBF7AC3C271E77AD001E3C37 /* inputPlantViewCell */ = {
			isa = PBXGroup;
			children = (
				CBF7AC3D271E8CF0001E3C37 /* InputPlantTableViewCell.swift */,
				CBF7AC3E271E8CF0001E3C37 /* InputPlantTableViewCell.xib */,
			);
			path = inputPlantViewCell;
			sourceTree = "<group>";
		};
/* End PBXGroup section */

/* Begin PBXNativeTarget section */
		CBF7ABFE271C863E001E3C37 /* PocketPlant */ = {
			isa = PBXNativeTarget;
			buildConfigurationList = CBF7AC13271C8641001E3C37 /* Build configuration list for PBXNativeTarget "PocketPlant" */;
			buildPhases = (
				4B2745555C163664B6AA23DB /* [CP] Check Pods Manifest.lock */,
				CBF7ABFB271C863E001E3C37 /* Sources */,
				CBF7ABFC271C863E001E3C37 /* Frameworks */,
				CBF7ABFD271C863E001E3C37 /* Resources */,
				CBF7AC17271C8DB2001E3C37 /* ShellScript */,
				6BF1B2571EC15FA7542780F5 /* [CP] Embed Pods Frameworks */,
			);
			buildRules = (
			);
			dependencies = (
			);
			name = PocketPlant;
			productName = PocketPlant;
			productReference = CBF7ABFF271C863E001E3C37 /* PocketPlant.app */;
			productType = "com.apple.product-type.application";
		};
/* End PBXNativeTarget section */

/* Begin PBXProject section */
		CBF7ABF7271C863E001E3C37 /* Project object */ = {
			isa = PBXProject;
			attributes = {
				BuildIndependentTargetsInParallel = 1;
				LastSwiftUpdateCheck = 1300;
				LastUpgradeCheck = 1300;
				TargetAttributes = {
					CBF7ABFE271C863E001E3C37 = {
						CreatedOnToolsVersion = 13.0;
					};
				};
			};
			buildConfigurationList = CBF7ABFA271C863E001E3C37 /* Build configuration list for PBXProject "PocketPlant" */;
			compatibilityVersion = "Xcode 13.0";
			developmentRegion = en;
			hasScannedForEncodings = 0;
			knownRegions = (
				en,
				Base,
			);
			mainGroup = CBF7ABF6271C863E001E3C37;
			productRefGroup = CBF7AC00271C863E001E3C37 /* Products */;
			projectDirPath = "";
			projectRoot = "";
			targets = (
				CBF7ABFE271C863E001E3C37 /* PocketPlant */,
			);
		};
/* End PBXProject section */

/* Begin PBXResourcesBuildPhase section */
		CBF7ABFD271C863E001E3C37 /* Resources */ = {
			isa = PBXResourcesBuildPhase;
			buildActionMask = 2147483647;
			files = (
				CB8A114C2734E31200AAE6CA /* 72610-plantGrowing.json in Resources */,
				CB2241FF272ED29900BAEE90 /* ImageCollectionVIewTableViewCell.xib in Resources */,
				CB8F2EF8272956CA005E1448 /* ScanQRCodePage.storyboard in Resources */,
				CB2241FA272ED01800BAEE90 /* CommentTitleTableViewCell.xib in Resources */,
				CBF7AC27271D5D46001E3C37 /* PlantCollectionViewCell.xib in Resources */,
				CBF7AC0F271C8641001E3C37 /* LaunchScreen.storyboard in Resources */,
				CBF7AC2B271D6280001E3C37 /* ButtonCollectionViewCell.xib in Resources */,
				CB224207272EF69C00BAEE90 /* ImageCollectionViewCell.xib in Resources */,
				CBF7AC39271E7307001E3C37 /* NewPlantPage.storyboard in Resources */,
				CB8A114A2734DB7200AAE6CA /* HistoryTableViewCell.xib in Resources */,
				CB8F2EDB2727AB8F005E1448 /* ReminderTableViewCell.xib in Resources */,
				CB8F2ED32726B8FB005E1448 /* RemindPage.storyboard in Resources */,
				CB8A11572736E48000AAE6CA /* SharePlantPage.storyboard in Resources */,
				CB2241E3272D369900BAEE90 /* GardeningShopPage.storyboard in Resources */,
				CBF7AC0C271C8641001E3C37 /* Assets.xcassets in Resources */,
				CB8F2EF12728FC49005E1448 /* CalendarInfoTableViewCell.xib in Resources */,
				CB2241D5272BA52500BAEE90 /* 78093-planting.json in Resources */,
				CBF7AC0A271C863E001E3C37 /* Main.storyboard in Resources */,
				CB07EDBE271FA67A00406913 /* PlantDetailTableViewCell.xib in Resources */,
				CB8A113A2730D76D00AAE6CA /* InputShopInfoTableViewCell.xib in Resources */,
				CBF7AC40271E8CF0001E3C37 /* InputPlantTableViewCell.xib in Resources */,
				CB9A491D2724632A0095E5EE /* DeathPlantPage.storyboard in Resources */,
				CB8A114F27351F1000AAE6CA /* AccountSeetingPage.storyboard in Resources */,
				CB8A11462733B08800AAE6CA /* ProfileTableViewCell.xib in Resources */,
				CB07EDB6271EE5FF00406913 /* PlantDetailPage.storyboard in Resources */,
				CB8F2F01272BA0C0005E1448 /* 16957-comming-soon.json in Resources */,
				CBF7AC2D271D65C2001E3C37 /* GoogleService-Info.plist in Resources */,
				CB2241E1272D353A00BAEE90 /* GardeningShopTableViewCell.xib in Resources */,
				CB2241F6272ECEAC00BAEE90 /* CommentTableViewCell.xib in Resources */,
			);
			runOnlyForDeploymentPostprocessing = 0;
		};
/* End PBXResourcesBuildPhase section */

/* Begin PBXShellScriptBuildPhase section */
		4B2745555C163664B6AA23DB /* [CP] Check Pods Manifest.lock */ = {
			isa = PBXShellScriptBuildPhase;
			buildActionMask = 2147483647;
			files = (
			);
			inputFileListPaths = (
			);
			inputPaths = (
				"${PODS_PODFILE_DIR_PATH}/Podfile.lock",
				"${PODS_ROOT}/Manifest.lock",
			);
			name = "[CP] Check Pods Manifest.lock";
			outputFileListPaths = (
			);
			outputPaths = (
				"$(DERIVED_FILE_DIR)/Pods-PocketPlant-checkManifestLockResult.txt",
			);
			runOnlyForDeploymentPostprocessing = 0;
			shellPath = /bin/sh;
			shellScript = "diff \"${PODS_PODFILE_DIR_PATH}/Podfile.lock\" \"${PODS_ROOT}/Manifest.lock\" > /dev/null\nif [ $? != 0 ] ; then\n    # print error to STDERR\n    echo \"error: The sandbox is not in sync with the Podfile.lock. Run 'pod install' or update your CocoaPods installation.\" >&2\n    exit 1\nfi\n# This output is used by Xcode 'outputs' to avoid re-running this script phase.\necho \"SUCCESS\" > \"${SCRIPT_OUTPUT_FILE_0}\"\n";
			showEnvVarsInLog = 0;
		};
		6BF1B2571EC15FA7542780F5 /* [CP] Embed Pods Frameworks */ = {
			isa = PBXShellScriptBuildPhase;
			buildActionMask = 2147483647;
			files = (
			);
			inputFileListPaths = (
				"${PODS_ROOT}/Target Support Files/Pods-PocketPlant/Pods-PocketPlant-frameworks-${CONFIGURATION}-input-files.xcfilelist",
			);
			name = "[CP] Embed Pods Frameworks";
			outputFileListPaths = (
				"${PODS_ROOT}/Target Support Files/Pods-PocketPlant/Pods-PocketPlant-frameworks-${CONFIGURATION}-output-files.xcfilelist",
			);
			runOnlyForDeploymentPostprocessing = 0;
			shellPath = /bin/sh;
			shellScript = "\"${PODS_ROOT}/Target Support Files/Pods-PocketPlant/Pods-PocketPlant-frameworks.sh\"\n";
			showEnvVarsInLog = 0;
		};
		CBF7AC17271C8DB2001E3C37 /* ShellScript */ = {
			isa = PBXShellScriptBuildPhase;
			buildActionMask = 2147483647;
			files = (
			);
			inputFileListPaths = (
			);
			inputPaths = (
			);
			outputFileListPaths = (
			);
			outputPaths = (
			);
			runOnlyForDeploymentPostprocessing = 0;
			shellPath = /bin/sh;
			shellScript = "\"${PODS_ROOT}/SwiftLint/swiftlint\" \n";
		};
/* End PBXShellScriptBuildPhase section */

/* Begin PBXSourcesBuildPhase section */
		CBF7ABFB271C863E001E3C37 /* Sources */ = {
			isa = PBXSourcesBuildPhase;
			buildActionMask = 2147483647;
			files = (
				CB224201272EE17400BAEE90 /* CommentManager.swift in Sources */,
				CB2241DC272BEABF00BAEE90 /* ShowQRCodePageViewController.swift in Sources */,
				CB8F2EDF2727E4AA005E1448 /* RemindManager.swift in Sources */,
				CBF7AC42271E8D37001E3C37 /* PaddingLabel.swift in Sources */,
				CB2241E5272D379500BAEE90 /* GardeningShopViewController.swift in Sources */,
				CBF7AC32271D77AD001E3C37 /* UIColor+Extension.swift in Sources */,
				CB2241DA272BC41F00BAEE90 /* LottieWrapper.swift in Sources */,
				CB8F2EF02728FC49005E1448 /* CalendarInfoTableViewCell.swift in Sources */,
				CB8F2EE227280AD2005E1448 /* Remind.swift in Sources */,
				CB8A11452733B08800AAE6CA /* ProfileTableViewCell.swift in Sources */,
				CB8A1155273522DB00AAE6CA /* AccountSettingViewController.swift in Sources */,
				CB2241F1272ECCD100BAEE90 /* Comment.swift in Sources */,
				CBF7AC2F271D6A77001E3C37 /* UICollectionView+Extension.swift in Sources */,
				CB9A4916272156FA0095E5EE /* ImageManager.swift in Sources */,
				CB07EDB8271EE74100406913 /* UILabel+Extension.swift in Sources */,
				CB2241E7272D89B900BAEE90 /* ShopDetailViewController.swift in Sources */,
				CB8A113D273230DC00AAE6CA /* LoginViewController.swift in Sources */,
				CB2241E0272D353A00BAEE90 /* GardeningShopTableViewCell.swift in Sources */,
				CB2241FE272ED29900BAEE90 /* ImageCollectionVIewTableViewCell.swift in Sources */,
				CBF7AC3B271E7629001E3C37 /* NewPlantPageViewController.swift in Sources */,
				CB2241F9272ED01800BAEE90 /* CommentTitleTableViewCell.swift in Sources */,
				CBF7AC26271D5D46001E3C37 /* PlantCollectionViewCell.swift in Sources */,
				CBF7AC36271DC9D0001E3C37 /* FirebaseManager.swift in Sources */,
				CBF7AC3F271E8CF0001E3C37 /* InputPlantTableViewCell.swift in Sources */,
				CB07EDBA271EEBC100406913 /* PlantDetailViewController.swift in Sources */,
				CB8F2EDD2727D5D5005E1448 /* UIView+Extension.swift in Sources */,
				CB8F2EF5272943D8005E1448 /* UIImageView+Extension.swift in Sources */,
				CB8A11392730D76D00AAE6CA /* InputShopInfoTableViewCell.swift in Sources */,
				CBF7AC07271C863E001E3C37 /* HomePageViewController.swift in Sources */,
				CBF7AC03271C863E001E3C37 /* AppDelegate.swift in Sources */,
				CB8A113F27328C1E00AAE6CA /* User.swift in Sources */,
				CB9A49182722CBA60095E5EE /* WaterRecord.swift in Sources */,
				CB224206272EF69C00BAEE90 /* ImageCollectionViewCell.swift in Sources */,
				CBF7AC46271E9559001E3C37 /* UITableView+Extension.swift in Sources */,
				CB2241F5272ECEAC00BAEE90 /* CommentTableViewCell.swift in Sources */,
				CB8A11592736EFBB00AAE6CA /* SharePlantViewController.swift in Sources */,
				CB8A11412732931600AAE6CA /* UserManager.swift in Sources */,
				CB07EDC0271FFDF100406913 /* UIImage+Extension.swift in Sources */,
				CB224203272EEDA100BAEE90 /* UIViewController+Extension.swift in Sources */,
				CB2241EF272E735800BAEE90 /* NewShopViewController.swift in Sources */,
				CB2241D3272BA3A000BAEE90 /* ProfilePageViewController.swift in Sources */,
				CB8F2EFA272A74D9005E1448 /* ScanQRCodePageViewController.swift in Sources */,
				CB8A11492734DB7200AAE6CA /* HistoryTableViewCell.swift in Sources */,
				CB8F2EFE272B9EF9005E1448 /* DiscoverViewController.swift in Sources */,
				CBF7AC34271D980F001E3C37 /* Plant.swift in Sources */,
				CBF7AC2A271D6280001E3C37 /* ButtonCollectionViewCell.swift in Sources */,
				CB8F2EDA2727AB8F005E1448 /* ReminderTableViewCell.swift in Sources */,
				CB9A491B2724630A0095E5EE /* DeathPlantViewController.swift in Sources */,
				CB8F2EFC272A9569005E1448 /* SharePlantDetailViewController.swift in Sources */,
				CB8F2EED2728F6EF005E1448 /* CalendarPageViewController.swift in Sources */,
				CB07EDBD271FA67A00406913 /* PlantDetailTableViewCell.swift in Sources */,
				CB8F2EF3272921A2005E1448 /* Date+Extension.swift in Sources */,
				CB2241E9272D8E9200BAEE90 /* GardeningShop.swift in Sources */,
				CB8F2ED527279E08005E1448 /* RemindViewController.swift in Sources */,
				CBF7AC05271C863E001E3C37 /* SceneDelegate.swift in Sources */,
			);
			runOnlyForDeploymentPostprocessing = 0;
		};
/* End PBXSourcesBuildPhase section */

/* Begin PBXVariantGroup section */
		CBF7AC08271C863E001E3C37 /* Main.storyboard */ = {
			isa = PBXVariantGroup;
			children = (
				CBF7AC09271C863E001E3C37 /* Base */,
			);
			name = Main.storyboard;
			sourceTree = "<group>";
		};
		CBF7AC0D271C8641001E3C37 /* LaunchScreen.storyboard */ = {
			isa = PBXVariantGroup;
			children = (
				CBF7AC0E271C8641001E3C37 /* Base */,
			);
			name = LaunchScreen.storyboard;
			sourceTree = "<group>";
		};
/* End PBXVariantGroup section */

/* Begin XCBuildConfiguration section */
		CBF7AC11271C8641001E3C37 /* Debug */ = {
			isa = XCBuildConfiguration;
			buildSettings = {
				ALWAYS_SEARCH_USER_PATHS = NO;
				CLANG_ANALYZER_NONNULL = YES;
				CLANG_ANALYZER_NUMBER_OBJECT_CONVERSION = YES_AGGRESSIVE;
				CLANG_CXX_LANGUAGE_STANDARD = "gnu++17";
				CLANG_CXX_LIBRARY = "libc++";
				CLANG_ENABLE_MODULES = YES;
				CLANG_ENABLE_OBJC_ARC = YES;
				CLANG_ENABLE_OBJC_WEAK = YES;
				CLANG_WARN_BLOCK_CAPTURE_AUTORELEASING = YES;
				CLANG_WARN_BOOL_CONVERSION = YES;
				CLANG_WARN_COMMA = YES;
				CLANG_WARN_CONSTANT_CONVERSION = YES;
				CLANG_WARN_DEPRECATED_OBJC_IMPLEMENTATIONS = YES;
				CLANG_WARN_DIRECT_OBJC_ISA_USAGE = YES_ERROR;
				CLANG_WARN_DOCUMENTATION_COMMENTS = YES;
				CLANG_WARN_EMPTY_BODY = YES;
				CLANG_WARN_ENUM_CONVERSION = YES;
				CLANG_WARN_INFINITE_RECURSION = YES;
				CLANG_WARN_INT_CONVERSION = YES;
				CLANG_WARN_NON_LITERAL_NULL_CONVERSION = YES;
				CLANG_WARN_OBJC_IMPLICIT_RETAIN_SELF = YES;
				CLANG_WARN_OBJC_LITERAL_CONVERSION = YES;
				CLANG_WARN_OBJC_ROOT_CLASS = YES_ERROR;
				CLANG_WARN_QUOTED_INCLUDE_IN_FRAMEWORK_HEADER = YES;
				CLANG_WARN_RANGE_LOOP_ANALYSIS = YES;
				CLANG_WARN_STRICT_PROTOTYPES = YES;
				CLANG_WARN_SUSPICIOUS_MOVE = YES;
				CLANG_WARN_UNGUARDED_AVAILABILITY = YES_AGGRESSIVE;
				CLANG_WARN_UNREACHABLE_CODE = YES;
				CLANG_WARN__DUPLICATE_METHOD_MATCH = YES;
				COPY_PHASE_STRIP = NO;
				DEBUG_INFORMATION_FORMAT = dwarf;
				ENABLE_STRICT_OBJC_MSGSEND = YES;
				ENABLE_TESTABILITY = YES;
				GCC_C_LANGUAGE_STANDARD = gnu11;
				GCC_DYNAMIC_NO_PIC = NO;
				GCC_NO_COMMON_BLOCKS = YES;
				GCC_OPTIMIZATION_LEVEL = 0;
				GCC_PREPROCESSOR_DEFINITIONS = (
					"DEBUG=1",
					"$(inherited)",
				);
				GCC_WARN_64_TO_32_BIT_CONVERSION = YES;
				GCC_WARN_ABOUT_RETURN_TYPE = YES_ERROR;
				GCC_WARN_UNDECLARED_SELECTOR = YES;
				GCC_WARN_UNINITIALIZED_AUTOS = YES_AGGRESSIVE;
				GCC_WARN_UNUSED_FUNCTION = YES;
				GCC_WARN_UNUSED_VARIABLE = YES;
				IPHONEOS_DEPLOYMENT_TARGET = 14.0;
				MTL_ENABLE_DEBUG_INFO = INCLUDE_SOURCE;
				MTL_FAST_MATH = YES;
				ONLY_ACTIVE_ARCH = YES;
				SDKROOT = iphoneos;
				SWIFT_ACTIVE_COMPILATION_CONDITIONS = DEBUG;
				SWIFT_OPTIMIZATION_LEVEL = "-Onone";
			};
			name = Debug;
		};
		CBF7AC12271C8641001E3C37 /* Release */ = {
			isa = XCBuildConfiguration;
			buildSettings = {
				ALWAYS_SEARCH_USER_PATHS = NO;
				CLANG_ANALYZER_NONNULL = YES;
				CLANG_ANALYZER_NUMBER_OBJECT_CONVERSION = YES_AGGRESSIVE;
				CLANG_CXX_LANGUAGE_STANDARD = "gnu++17";
				CLANG_CXX_LIBRARY = "libc++";
				CLANG_ENABLE_MODULES = YES;
				CLANG_ENABLE_OBJC_ARC = YES;
				CLANG_ENABLE_OBJC_WEAK = YES;
				CLANG_WARN_BLOCK_CAPTURE_AUTORELEASING = YES;
				CLANG_WARN_BOOL_CONVERSION = YES;
				CLANG_WARN_COMMA = YES;
				CLANG_WARN_CONSTANT_CONVERSION = YES;
				CLANG_WARN_DEPRECATED_OBJC_IMPLEMENTATIONS = YES;
				CLANG_WARN_DIRECT_OBJC_ISA_USAGE = YES_ERROR;
				CLANG_WARN_DOCUMENTATION_COMMENTS = YES;
				CLANG_WARN_EMPTY_BODY = YES;
				CLANG_WARN_ENUM_CONVERSION = YES;
				CLANG_WARN_INFINITE_RECURSION = YES;
				CLANG_WARN_INT_CONVERSION = YES;
				CLANG_WARN_NON_LITERAL_NULL_CONVERSION = YES;
				CLANG_WARN_OBJC_IMPLICIT_RETAIN_SELF = YES;
				CLANG_WARN_OBJC_LITERAL_CONVERSION = YES;
				CLANG_WARN_OBJC_ROOT_CLASS = YES_ERROR;
				CLANG_WARN_QUOTED_INCLUDE_IN_FRAMEWORK_HEADER = YES;
				CLANG_WARN_RANGE_LOOP_ANALYSIS = YES;
				CLANG_WARN_STRICT_PROTOTYPES = YES;
				CLANG_WARN_SUSPICIOUS_MOVE = YES;
				CLANG_WARN_UNGUARDED_AVAILABILITY = YES_AGGRESSIVE;
				CLANG_WARN_UNREACHABLE_CODE = YES;
				CLANG_WARN__DUPLICATE_METHOD_MATCH = YES;
				COPY_PHASE_STRIP = NO;
				DEBUG_INFORMATION_FORMAT = "dwarf-with-dsym";
				ENABLE_NS_ASSERTIONS = NO;
				ENABLE_STRICT_OBJC_MSGSEND = YES;
				GCC_C_LANGUAGE_STANDARD = gnu11;
				GCC_NO_COMMON_BLOCKS = YES;
				GCC_WARN_64_TO_32_BIT_CONVERSION = YES;
				GCC_WARN_ABOUT_RETURN_TYPE = YES_ERROR;
				GCC_WARN_UNDECLARED_SELECTOR = YES;
				GCC_WARN_UNINITIALIZED_AUTOS = YES_AGGRESSIVE;
				GCC_WARN_UNUSED_FUNCTION = YES;
				GCC_WARN_UNUSED_VARIABLE = YES;
				IPHONEOS_DEPLOYMENT_TARGET = 14.0;
				MTL_ENABLE_DEBUG_INFO = NO;
				MTL_FAST_MATH = YES;
				SDKROOT = iphoneos;
				SWIFT_COMPILATION_MODE = wholemodule;
				SWIFT_OPTIMIZATION_LEVEL = "-O";
				VALIDATE_PRODUCT = YES;
			};
			name = Release;
		};
		CBF7AC14271C8641001E3C37 /* Debug */ = {
			isa = XCBuildConfiguration;
			baseConfigurationReference = 5FC710C89D7C558D5AEEEB6A /* Pods-PocketPlant.debug.xcconfig */;
			buildSettings = {
				ASSETCATALOG_COMPILER_APPICON_NAME = AppIcon;
				ASSETCATALOG_COMPILER_GLOBAL_ACCENT_COLOR_NAME = AccentColor;
				CODE_SIGN_ENTITLEMENTS = PocketPlant/PocketPlant.entitlements;
				CODE_SIGN_IDENTITY = "Apple Development";
				CODE_SIGN_STYLE = Automatic;
				CURRENT_PROJECT_VERSION = 3;
				DEVELOPMENT_TEAM = 849PT6PZ3X;
				GENERATE_INFOPLIST_FILE = YES;
				INFOPLIST_FILE = PocketPlant/Info.plist;
				INFOPLIST_KEY_CFBundleDisplayName = "口袋植物";
				INFOPLIST_KEY_NSCameraUsageDescription = "取用相機為您的植物拍照";
				INFOPLIST_KEY_NSPhotoLibraryAddUsageDescription = "取用圖庫選擇您的植物照上傳";
				INFOPLIST_KEY_UIApplicationSupportsIndirectInputEvents = YES;
				INFOPLIST_KEY_UILaunchStoryboardName = LaunchScreen;
				INFOPLIST_KEY_UIMainStoryboardFile = Main;
				INFOPLIST_KEY_UISupportedInterfaceOrientations_iPad = "UIInterfaceOrientationPortrait UIInterfaceOrientationPortraitUpsideDown UIInterfaceOrientationLandscapeLeft UIInterfaceOrientationLandscapeRight";
				INFOPLIST_KEY_UISupportedInterfaceOrientations_iPhone = "UIInterfaceOrientationPortrait UIInterfaceOrientationLandscapeLeft UIInterfaceOrientationLandscapeRight";
				INFOPLIST_KEY_UIUserInterfaceStyle = Light;
				IPHONEOS_DEPLOYMENT_TARGET = 13.0;
				LD_RUNPATH_SEARCH_PATHS = (
					"$(inherited)",
					"@executable_path/Frameworks",
				);
				MARKETING_VERSION = 1.0;
				PRODUCT_BUNDLE_IDENTIFIER = com.anson.PocketPlant;
				PRODUCT_NAME = "$(TARGET_NAME)";
				PROVISIONING_PROFILE_SPECIFIER = "";
				SWIFT_EMIT_LOC_STRINGS = YES;
				SWIFT_VERSION = 5.0;
				TARGETED_DEVICE_FAMILY = 1;
			};
			name = Debug;
		};
		CBF7AC15271C8641001E3C37 /* Release */ = {
			isa = XCBuildConfiguration;
			baseConfigurationReference = 5DE3D4B79374ED5EF6C29A96 /* Pods-PocketPlant.release.xcconfig */;
			buildSettings = {
				ASSETCATALOG_COMPILER_APPICON_NAME = AppIcon;
				ASSETCATALOG_COMPILER_GLOBAL_ACCENT_COLOR_NAME = AccentColor;
				CODE_SIGN_ENTITLEMENTS = PocketPlant/PocketPlant.entitlements;
				CODE_SIGN_STYLE = Automatic;
				CURRENT_PROJECT_VERSION = 3;
				DEVELOPMENT_TEAM = 849PT6PZ3X;
				GENERATE_INFOPLIST_FILE = YES;
				INFOPLIST_FILE = PocketPlant/Info.plist;
				INFOPLIST_KEY_CFBundleDisplayName = "口袋植物";
				INFOPLIST_KEY_NSCameraUsageDescription = "取用相機為您的植物拍照";
				INFOPLIST_KEY_NSPhotoLibraryAddUsageDescription = "取用圖庫選擇您的植物照上傳";
				INFOPLIST_KEY_UIApplicationSupportsIndirectInputEvents = YES;
				INFOPLIST_KEY_UILaunchStoryboardName = LaunchScreen;
				INFOPLIST_KEY_UIMainStoryboardFile = Main;
				INFOPLIST_KEY_UISupportedInterfaceOrientations_iPad = "UIInterfaceOrientationPortrait UIInterfaceOrientationPortraitUpsideDown UIInterfaceOrientationLandscapeLeft UIInterfaceOrientationLandscapeRight";
				INFOPLIST_KEY_UISupportedInterfaceOrientations_iPhone = "UIInterfaceOrientationPortrait UIInterfaceOrientationLandscapeLeft UIInterfaceOrientationLandscapeRight";
				INFOPLIST_KEY_UIUserInterfaceStyle = Light;
				IPHONEOS_DEPLOYMENT_TARGET = 13.0;
				LD_RUNPATH_SEARCH_PATHS = (
					"$(inherited)",
					"@executable_path/Frameworks",
				);
				MARKETING_VERSION = 1.0;
				PRODUCT_BUNDLE_IDENTIFIER = com.anson.PocketPlant;
				PRODUCT_NAME = "$(TARGET_NAME)";
				SWIFT_EMIT_LOC_STRINGS = YES;
				SWIFT_VERSION = 5.0;
				TARGETED_DEVICE_FAMILY = 1;
			};
			name = Release;
		};
/* End XCBuildConfiguration section */

/* Begin XCConfigurationList section */
		CBF7ABFA271C863E001E3C37 /* Build configuration list for PBXProject "PocketPlant" */ = {
			isa = XCConfigurationList;
			buildConfigurations = (
				CBF7AC11271C8641001E3C37 /* Debug */,
				CBF7AC12271C8641001E3C37 /* Release */,
			);
			defaultConfigurationIsVisible = 0;
			defaultConfigurationName = Release;
		};
		CBF7AC13271C8641001E3C37 /* Build configuration list for PBXNativeTarget "PocketPlant" */ = {
			isa = XCConfigurationList;
			buildConfigurations = (
				CBF7AC14271C8641001E3C37 /* Debug */,
				CBF7AC15271C8641001E3C37 /* Release */,
			);
			defaultConfigurationIsVisible = 0;
			defaultConfigurationName = Release;
		};
/* End XCConfigurationList section */
	};
	rootObject = CBF7ABF7271C863E001E3C37 /* Project object */;
}
