// !$*UTF8*$!
{
	archiveVersion = 1;
	classes = {
	};
	objectVersion = 55;
	objects = {

/* Begin PBXBuildFile section */
		CBF7AC03271C863E001E3C37 /* AppDelegate.swift in Sources */ = {isa = PBXBuildFile; fileRef = CBF7AC02271C863E001E3C37 /* AppDelegate.swift */; };
		CBF7AC05271C863E001E3C37 /* SceneDelegate.swift in Sources */ = {isa = PBXBuildFile; fileRef = CBF7AC04271C863E001E3C37 /* SceneDelegate.swift */; };
		CBF7AC07271C863E001E3C37 /* ViewController.swift in Sources */ = {isa = PBXBuildFile; fileRef = CBF7AC06271C863E001E3C37 /* ViewController.swift */; };
		CBF7AC0A271C863E001E3C37 /* Main.storyboard in Resources */ = {isa = PBXBuildFile; fileRef = CBF7AC08271C863E001E3C37 /* Main.storyboard */; };
		CBF7AC0C271C8641001E3C37 /* Assets.xcassets in Resources */ = {isa = PBXBuildFile; fileRef = CBF7AC0B271C8641001E3C37 /* Assets.xcassets */; };
		CBF7AC0F271C8641001E3C37 /* LaunchScreen.storyboard in Resources */ = {isa = PBXBuildFile; fileRef = CBF7AC0D271C8641001E3C37 /* LaunchScreen.storyboard */; };
		E633471A87BF914363C32DA1 /* Pods_PocketPlant.framework in Frameworks */ = {isa = PBXBuildFile; fileRef = 01E6FD85E8541818C8673E67 /* Pods_PocketPlant.framework */; };
/* End PBXBuildFile section */

/* Begin PBXFileReference section */
		01E6FD85E8541818C8673E67 /* Pods_PocketPlant.framework */ = {isa = PBXFileReference; explicitFileType = wrapper.framework; includeInIndex = 0; path = Pods_PocketPlant.framework; sourceTree = BUILT_PRODUCTS_DIR; };
		5DE3D4B79374ED5EF6C29A96 /* Pods-PocketPlant.release.xcconfig */ = {isa = PBXFileReference; includeInIndex = 1; lastKnownFileType = text.xcconfig; name = "Pods-PocketPlant.release.xcconfig"; path = "Target Support Files/Pods-PocketPlant/Pods-PocketPlant.release.xcconfig"; sourceTree = "<group>"; };
		5FC710C89D7C558D5AEEEB6A /* Pods-PocketPlant.debug.xcconfig */ = {isa = PBXFileReference; includeInIndex = 1; lastKnownFileType = text.xcconfig; name = "Pods-PocketPlant.debug.xcconfig"; path = "Target Support Files/Pods-PocketPlant/Pods-PocketPlant.debug.xcconfig"; sourceTree = "<group>"; };
		CBF7ABFF271C863E001E3C37 /* PocketPlant.app */ = {isa = PBXFileReference; explicitFileType = wrapper.application; includeInIndex = 0; path = PocketPlant.app; sourceTree = BUILT_PRODUCTS_DIR; };
		CBF7AC02271C863E001E3C37 /* AppDelegate.swift */ = {isa = PBXFileReference; lastKnownFileType = sourcecode.swift; path = AppDelegate.swift; sourceTree = "<group>"; };
		CBF7AC04271C863E001E3C37 /* SceneDelegate.swift */ = {isa = PBXFileReference; lastKnownFileType = sourcecode.swift; path = SceneDelegate.swift; sourceTree = "<group>"; };
		CBF7AC06271C863E001E3C37 /* ViewController.swift */ = {isa = PBXFileReference; lastKnownFileType = sourcecode.swift; path = ViewController.swift; sourceTree = "<group>"; };
		CBF7AC09271C863E001E3C37 /* Base */ = {isa = PBXFileReference; lastKnownFileType = file.storyboard; name = Base; path = Base.lproj/Main.storyboard; sourceTree = "<group>"; };
		CBF7AC0B271C8641001E3C37 /* Assets.xcassets */ = {isa = PBXFileReference; lastKnownFileType = folder.assetcatalog; path = Assets.xcassets; sourceTree = "<group>"; };
		CBF7AC0E271C8641001E3C37 /* Base */ = {isa = PBXFileReference; lastKnownFileType = file.storyboard; name = Base; path = Base.lproj/LaunchScreen.storyboard; sourceTree = "<group>"; };
		CBF7AC10271C8641001E3C37 /* Info.plist */ = {isa = PBXFileReference; lastKnownFileType = text.plist.xml; path = Info.plist; sourceTree = "<group>"; };
/* End PBXFileReference section */

/* Begin PBXFrameworksBuildPhase section */
		CBF7ABFC271C863E001E3C37 /* Frameworks */ = {
			isa = PBXFrameworksBuildPhase;
			buildActionMask = 2147483647;
			files = (
				E633471A87BF914363C32DA1 /* Pods_PocketPlant.framework in Frameworks */,
			);
			runOnlyForDeploymentPostprocessing = 0;
		};
/* End PBXFrameworksBuildPhase section */

/* Begin PBXGroup section */
		24D57E989B1EB73698FAB3C8 /* Pods */ = {
			isa = PBXGroup;
			children = (
				5FC710C89D7C558D5AEEEB6A /* Pods-PocketPlant.debug.xcconfig */,
				5DE3D4B79374ED5EF6C29A96 /* Pods-PocketPlant.release.xcconfig */,
			);
			path = Pods;
			sourceTree = "<group>";
		};
		7C8AAA9A113F19F11F987B5A /* Frameworks */ = {
			isa = PBXGroup;
			children = (
				01E6FD85E8541818C8673E67 /* Pods_PocketPlant.framework */,
			);
			name = Frameworks;
			sourceTree = "<group>";
		};
		CBF7ABF6271C863E001E3C37 = {
			isa = PBXGroup;
			children = (
				CBF7AC01271C863E001E3C37 /* PocketPlant */,
				CBF7AC00271C863E001E3C37 /* Products */,
				24D57E989B1EB73698FAB3C8 /* Pods */,
				7C8AAA9A113F19F11F987B5A /* Frameworks */,
			);
			sourceTree = "<group>";
		};
		CBF7AC00271C863E001E3C37 /* Products */ = {
			isa = PBXGroup;
			children = (
				CBF7ABFF271C863E001E3C37 /* PocketPlant.app */,
			);
			name = Products;
			sourceTree = "<group>";
		};
		CBF7AC01271C863E001E3C37 /* PocketPlant */ = {
			isa = PBXGroup;
			children = (
				CBF7AC02271C863E001E3C37 /* AppDelegate.swift */,
				CBF7AC04271C863E001E3C37 /* SceneDelegate.swift */,
				CBF7AC06271C863E001E3C37 /* ViewController.swift */,
				CBF7AC08271C863E001E3C37 /* Main.storyboard */,
				CBF7AC0B271C8641001E3C37 /* Assets.xcassets */,
				CBF7AC0D271C8641001E3C37 /* LaunchScreen.storyboard */,
				CBF7AC10271C8641001E3C37 /* Info.plist */,
			);
			path = PocketPlant;
			sourceTree = "<group>";
		};
/* End PBXGroup section */

/* Begin PBXNativeTarget section */
		CBF7ABFE271C863E001E3C37 /* PocketPlant */ = {
			isa = PBXNativeTarget;
			buildConfigurationList = CBF7AC13271C8641001E3C37 /* Build configuration list for PBXNativeTarget "PocketPlant" */;
			buildPhases = (
				4B2745555C163664B6AA23DB /* [CP] Check Pods Manifest.lock */,
				CBF7ABFB271C863E001E3C37 /* Sources */,
				CBF7ABFC271C863E001E3C37 /* Frameworks */,
				CBF7ABFD271C863E001E3C37 /* Resources */,
				CBF7AC17271C8DB2001E3C37 /* ShellScript */,
			);
			buildRules = (
			);
			dependencies = (
			);
			name = PocketPlant;
			productName = PocketPlant;
			productReference = CBF7ABFF271C863E001E3C37 /* PocketPlant.app */;
			productType = "com.apple.product-type.application";
		};
/* End PBXNativeTarget section */

/* Begin PBXProject section */
		CBF7ABF7271C863E001E3C37 /* Project object */ = {
			isa = PBXProject;
			attributes = {
				BuildIndependentTargetsInParallel = 1;
				LastSwiftUpdateCheck = 1300;
				LastUpgradeCheck = 1300;
				TargetAttributes = {
					CBF7ABFE271C863E001E3C37 = {
						CreatedOnToolsVersion = 13.0;
					};
				};
			};
			buildConfigurationList = CBF7ABFA271C863E001E3C37 /* Build configuration list for PBXProject "PocketPlant" */;
			compatibilityVersion = "Xcode 13.0";
			developmentRegion = en;
			hasScannedForEncodings = 0;
			knownRegions = (
				en,
				Base,
			);
			mainGroup = CBF7ABF6271C863E001E3C37;
			productRefGroup = CBF7AC00271C863E001E3C37 /* Products */;
			projectDirPath = "";
			projectRoot = "";
			targets = (
				CBF7ABFE271C863E001E3C37 /* PocketPlant */,
			);
		};
/* End PBXProject section */

/* Begin PBXResourcesBuildPhase section */
		CBF7ABFD271C863E001E3C37 /* Resources */ = {
			isa = PBXResourcesBuildPhase;
			buildActionMask = 2147483647;
			files = (
				CBF7AC0F271C8641001E3C37 /* LaunchScreen.storyboard in Resources */,
				CBF7AC0C271C8641001E3C37 /* Assets.xcassets in Resources */,
				CBF7AC0A271C863E001E3C37 /* Main.storyboard in Resources */,
			);
			runOnlyForDeploymentPostprocessing = 0;
		};
/* End PBXResourcesBuildPhase section */

/* Begin PBXShellScriptBuildPhase section */
		4B2745555C163664B6AA23DB /* [CP] Check Pods Manifest.lock */ = {
			isa = PBXShellScriptBuildPhase;
			buildActionMask = 2147483647;
			files = (
			);
			inputFileListPaths = (
			);
			inputPaths = (
				"${PODS_PODFILE_DIR_PATH}/Podfile.lock",
				"${PODS_ROOT}/Manifest.lock",
			);
			name = "[CP] Check Pods Manifest.lock";
			outputFileListPaths = (
			);
			outputPaths = (
				"$(DERIVED_FILE_DIR)/Pods-PocketPlant-checkManifestLockResult.txt",
			);
			runOnlyForDeploymentPostprocessing = 0;
			shellPath = /bin/sh;
			shellScript = "diff \"${PODS_PODFILE_DIR_PATH}/Podfile.lock\" \"${PODS_ROOT}/Manifest.lock\" > /dev/null\nif [ $? != 0 ] ; then\n    # print error to STDERR\n    echo \"error: The sandbox is not in sync with the Podfile.lock. Run 'pod install' or update your CocoaPods installation.\" >&2\n    exit 1\nfi\n# This output is used by Xcode 'outputs' to avoid re-running this script phase.\necho \"SUCCESS\" > \"${SCRIPT_OUTPUT_FILE_0}\"\n";
			showEnvVarsInLog = 0;
		};
		CBF7AC17271C8DB2001E3C37 /* ShellScript */ = {
			isa = PBXShellScriptBuildPhase;
			buildActionMask = 2147483647;
			files = (
			);
			inputFileListPaths = (
			);
			inputPaths = (
			);
			outputFileListPaths = (
			);
			outputPaths = (
			);
			runOnlyForDeploymentPostprocessing = 0;
			shellPath = /bin/sh;
			shellScript = "\"${PODS_ROOT}/SwiftLint/swiftlint\" \n";
		};
/* End PBXShellScriptBuildPhase section */

/* Begin PBXSourcesBuildPhase section */
		CBF7ABFB271C863E001E3C37 /* Sources */ = {
			isa = PBXSourcesBuildPhase;
			buildActionMask = 2147483647;
			files = (
				CBF7AC07271C863E001E3C37 /* ViewController.swift in Sources */,
				CBF7AC03271C863E001E3C37 /* AppDelegate.swift in Sources */,
				CBF7AC05271C863E001E3C37 /* SceneDelegate.swift in Sources */,
			);
			runOnlyForDeploymentPostprocessing = 0;
		};
/* End PBXSourcesBuildPhase section */

/* Begin PBXVariantGroup section */
		CBF7AC08271C863E001E3C37 /* Main.storyboard */ = {
			isa = PBXVariantGroup;
			children = (
				CBF7AC09271C863E001E3C37 /* Base */,
			);
			name = Main.storyboard;
			sourceTree = "<group>";
		};
		CBF7AC0D271C8641001E3C37 /* LaunchScreen.storyboard */ = {
			isa = PBXVariantGroup;
			children = (
				CBF7AC0E271C8641001E3C37 /* Base */,
			);
			name = LaunchScreen.storyboard;
			sourceTree = "<group>";
		};
/* End PBXVariantGroup section */

/* Begin XCBuildConfiguration section */
		CBF7AC11271C8641001E3C37 /* Debug */ = {
			isa = XCBuildConfiguration;
			buildSettings = {
				ALWAYS_SEARCH_USER_PATHS = NO;
				CLANG_ANALYZER_NONNULL = YES;
				CLANG_ANALYZER_NUMBER_OBJECT_CONVERSION = YES_AGGRESSIVE;
				CLANG_CXX_LANGUAGE_STANDARD = "gnu++17";
				CLANG_CXX_LIBRARY = "libc++";
				CLANG_ENABLE_MODULES = YES;
				CLANG_ENABLE_OBJC_ARC = YES;
				CLANG_ENABLE_OBJC_WEAK = YES;
				CLANG_WARN_BLOCK_CAPTURE_AUTORELEASING = YES;
				CLANG_WARN_BOOL_CONVERSION = YES;
				CLANG_WARN_COMMA = YES;
				CLANG_WARN_CONSTANT_CONVERSION = YES;
				CLANG_WARN_DEPRECATED_OBJC_IMPLEMENTATIONS = YES;
				CLANG_WARN_DIRECT_OBJC_ISA_USAGE = YES_ERROR;
				CLANG_WARN_DOCUMENTATION_COMMENTS = YES;
				CLANG_WARN_EMPTY_BODY = YES;
				CLANG_WARN_ENUM_CONVERSION = YES;
				CLANG_WARN_INFINITE_RECURSION = YES;
				CLANG_WARN_INT_CONVERSION = YES;
				CLANG_WARN_NON_LITERAL_NULL_CONVERSION = YES;
				CLANG_WARN_OBJC_IMPLICIT_RETAIN_SELF = YES;
				CLANG_WARN_OBJC_LITERAL_CONVERSION = YES;
				CLANG_WARN_OBJC_ROOT_CLASS = YES_ERROR;
				CLANG_WARN_QUOTED_INCLUDE_IN_FRAMEWORK_HEADER = YES;
				CLANG_WARN_RANGE_LOOP_ANALYSIS = YES;
				CLANG_WARN_STRICT_PROTOTYPES = YES;
				CLANG_WARN_SUSPICIOUS_MOVE = YES;
				CLANG_WARN_UNGUARDED_AVAILABILITY = YES_AGGRESSIVE;
				CLANG_WARN_UNREACHABLE_CODE = YES;
				CLANG_WARN__DUPLICATE_METHOD_MATCH = YES;
				COPY_PHASE_STRIP = NO;
				DEBUG_INFORMATION_FORMAT = dwarf;
				ENABLE_STRICT_OBJC_MSGSEND = YES;
				ENABLE_TESTABILITY = YES;
				GCC_C_LANGUAGE_STANDARD = gnu11;
				GCC_DYNAMIC_NO_PIC = NO;
				GCC_NO_COMMON_BLOCKS = YES;
				GCC_OPTIMIZATION_LEVEL = 0;
				GCC_PREPROCESSOR_DEFINITIONS = (
					"DEBUG=1",
					"$(inherited)",
				);
				GCC_WARN_64_TO_32_BIT_CONVERSION = YES;
				GCC_WARN_ABOUT_RETURN_TYPE = YES_ERROR;
				GCC_WARN_UNDECLARED_SELECTOR = YES;
				GCC_WARN_UNINITIALIZED_AUTOS = YES_AGGRESSIVE;
				GCC_WARN_UNUSED_FUNCTION = YES;
				GCC_WARN_UNUSED_VARIABLE = YES;
				IPHONEOS_DEPLOYMENT_TARGET = 15.0;
				MTL_ENABLE_DEBUG_INFO = INCLUDE_SOURCE;
				MTL_FAST_MATH = YES;
				ONLY_ACTIVE_ARCH = YES;
				SDKROOT = iphoneos;
				SWIFT_ACTIVE_COMPILATION_CONDITIONS = DEBUG;
				SWIFT_OPTIMIZATION_LEVEL = "-Onone";
			};
			name = Debug;
		};
		CBF7AC12271C8641001E3C37 /* Release */ = {
			isa = XCBuildConfiguration;
			buildSettings = {
				ALWAYS_SEARCH_USER_PATHS = NO;
				CLANG_ANALYZER_NONNULL = YES;
				CLANG_ANALYZER_NUMBER_OBJECT_CONVERSION = YES_AGGRESSIVE;
				CLANG_CXX_LANGUAGE_STANDARD = "gnu++17";
				CLANG_CXX_LIBRARY = "libc++";
				CLANG_ENABLE_MODULES = YES;
				CLANG_ENABLE_OBJC_ARC = YES;
				CLANG_ENABLE_OBJC_WEAK = YES;
				CLANG_WARN_BLOCK_CAPTURE_AUTORELEASING = YES;
				CLANG_WARN_BOOL_CONVERSION = YES;
				CLANG_WARN_COMMA = YES;
				CLANG_WARN_CONSTANT_CONVERSION = YES;
				CLANG_WARN_DEPRECATED_OBJC_IMPLEMENTATIONS = YES;
				CLANG_WARN_DIRECT_OBJC_ISA_USAGE = YES_ERROR;
				CLANG_WARN_DOCUMENTATION_COMMENTS = YES;
				CLANG_WARN_EMPTY_BODY = YES;
				CLANG_WARN_ENUM_CONVERSION = YES;
				CLANG_WARN_INFINITE_RECURSION = YES;
				CLANG_WARN_INT_CONVERSION = YES;
				CLANG_WARN_NON_LITERAL_NULL_CONVERSION = YES;
				CLANG_WARN_OBJC_IMPLICIT_RETAIN_SELF = YES;
				CLANG_WARN_OBJC_LITERAL_CONVERSION = YES;
				CLANG_WARN_OBJC_ROOT_CLASS = YES_ERROR;
				CLANG_WARN_QUOTED_INCLUDE_IN_FRAMEWORK_HEADER = YES;
				CLANG_WARN_RANGE_LOOP_ANALYSIS = YES;
				CLANG_WARN_STRICT_PROTOTYPES = YES;
				CLANG_WARN_SUSPICIOUS_MOVE = YES;
				CLANG_WARN_UNGUARDED_AVAILABILITY = YES_AGGRESSIVE;
				CLANG_WARN_UNREACHABLE_CODE = YES;
				CLANG_WARN__DUPLICATE_METHOD_MATCH = YES;
				COPY_PHASE_STRIP = NO;
				DEBUG_INFORMATION_FORMAT = "dwarf-with-dsym";
				ENABLE_NS_ASSERTIONS = NO;
				ENABLE_STRICT_OBJC_MSGSEND = YES;
				GCC_C_LANGUAGE_STANDARD = gnu11;
				GCC_NO_COMMON_BLOCKS = YES;
				GCC_WARN_64_TO_32_BIT_CONVERSION = YES;
				GCC_WARN_ABOUT_RETURN_TYPE = YES_ERROR;
				GCC_WARN_UNDECLARED_SELECTOR = YES;
				GCC_WARN_UNINITIALIZED_AUTOS = YES_AGGRESSIVE;
				GCC_WARN_UNUSED_FUNCTION = YES;
				GCC_WARN_UNUSED_VARIABLE = YES;
				IPHONEOS_DEPLOYMENT_TARGET = 15.0;
				MTL_ENABLE_DEBUG_INFO = NO;
				MTL_FAST_MATH = YES;
				SDKROOT = iphoneos;
				SWIFT_COMPILATION_MODE = wholemodule;
				SWIFT_OPTIMIZATION_LEVEL = "-O";
				VALIDATE_PRODUCT = YES;
			};
			name = Release;
		};
		CBF7AC14271C8641001E3C37 /* Debug */ = {
			isa = XCBuildConfiguration;
			baseConfigurationReference = 5FC710C89D7C558D5AEEEB6A /* Pods-PocketPlant.debug.xcconfig */;
			buildSettings = {
				ASSETCATALOG_COMPILER_APPICON_NAME = AppIcon;
				ASSETCATALOG_COMPILER_GLOBAL_ACCENT_COLOR_NAME = AccentColor;
				CODE_SIGN_STYLE = Automatic;
				CURRENT_PROJECT_VERSION = 1;
				DEVELOPMENT_TEAM = 849PT6PZ3X;
				GENERATE_INFOPLIST_FILE = YES;
				INFOPLIST_FILE = PocketPlant/Info.plist;
				INFOPLIST_KEY_UIApplicationSupportsIndirectInputEvents = YES;
				INFOPLIST_KEY_UILaunchStoryboardName = LaunchScreen;
				INFOPLIST_KEY_UIMainStoryboardFile = Main;
				INFOPLIST_KEY_UISupportedInterfaceOrientations_iPad = "UIInterfaceOrientationPortrait UIInterfaceOrientationPortraitUpsideDown UIInterfaceOrientationLandscapeLeft UIInterfaceOrientationLandscapeRight";
				INFOPLIST_KEY_UISupportedInterfaceOrientations_iPhone = "UIInterfaceOrientationPortrait UIInterfaceOrientationLandscapeLeft UIInterfaceOrientationLandscapeRight";
				IPHONEOS_DEPLOYMENT_TARGET = 13.0;
				LD_RUNPATH_SEARCH_PATHS = (
					"$(inherited)",
					"@executable_path/Frameworks",
				);
				MARKETING_VERSION = 1.0;
				PRODUCT_BUNDLE_IDENTIFIER = com.anson.PocketPlant;
				PRODUCT_NAME = "$(TARGET_NAME)";
				SWIFT_EMIT_LOC_STRINGS = YES;
				SWIFT_VERSION = 5.0;
				TARGETED_DEVICE_FAMILY = "1,2";
			};
			name = Debug;
		};
		CBF7AC15271C8641001E3C37 /* Release */ = {
			isa = XCBuildConfiguration;
			baseConfigurationReference = 5DE3D4B79374ED5EF6C29A96 /* Pods-PocketPlant.release.xcconfig */;
			buildSettings = {
				ASSETCATALOG_COMPILER_APPICON_NAME = AppIcon;
				ASSETCATALOG_COMPILER_GLOBAL_ACCENT_COLOR_NAME = AccentColor;
				CODE_SIGN_STYLE = Automatic;
				CURRENT_PROJECT_VERSION = 1;
				DEVELOPMENT_TEAM = 849PT6PZ3X;
				GENERATE_INFOPLIST_FILE = YES;
				INFOPLIST_FILE = PocketPlant/Info.plist;
				INFOPLIST_KEY_UIApplicationSupportsIndirectInputEvents = YES;
				INFOPLIST_KEY_UILaunchStoryboardName = LaunchScreen;
				INFOPLIST_KEY_UIMainStoryboardFile = Main;
				INFOPLIST_KEY_UISupportedInterfaceOrientations_iPad = "UIInterfaceOrientationPortrait UIInterfaceOrientationPortraitUpsideDown UIInterfaceOrientationLandscapeLeft UIInterfaceOrientationLandscapeRight";
				INFOPLIST_KEY_UISupportedInterfaceOrientations_iPhone = "UIInterfaceOrientationPortrait UIInterfaceOrientationLandscapeLeft UIInterfaceOrientationLandscapeRight";
				IPHONEOS_DEPLOYMENT_TARGET = 13.0;
				LD_RUNPATH_SEARCH_PATHS = (
					"$(inherited)",
					"@executable_path/Frameworks",
				);
				MARKETING_VERSION = 1.0;
				PRODUCT_BUNDLE_IDENTIFIER = com.anson.PocketPlant;
				PRODUCT_NAME = "$(TARGET_NAME)";
				SWIFT_EMIT_LOC_STRINGS = YES;
				SWIFT_VERSION = 5.0;
				TARGETED_DEVICE_FAMILY = "1,2";
			};
			name = Release;
		};
/* End XCBuildConfiguration section */

/* Begin XCConfigurationList section */
		CBF7ABFA271C863E001E3C37 /* Build configuration list for PBXProject "PocketPlant" */ = {
			isa = XCConfigurationList;
			buildConfigurations = (
				CBF7AC11271C8641001E3C37 /* Debug */,
				CBF7AC12271C8641001E3C37 /* Release */,
			);
			defaultConfigurationIsVisible = 0;
			defaultConfigurationName = Release;
		};
		CBF7AC13271C8641001E3C37 /* Build configuration list for PBXNativeTarget "PocketPlant" */ = {
			isa = XCConfigurationList;
			buildConfigurations = (
				CBF7AC14271C8641001E3C37 /* Debug */,
				CBF7AC15271C8641001E3C37 /* Release */,
			);
			defaultConfigurationIsVisible = 0;
			defaultConfigurationName = Release;
		};
/* End XCConfigurationList section */
	};
	rootObject = CBF7ABF7271C863E001E3C37 /* Project object */;
}
